// !$*UTF8*$!
{
	archiveVersion = 1;
	classes = {
	};
	objectVersion = 46;
	objects = {

/* Begin PBXBuildFile section */
		6E1CD0C81DD19B1800E1FD9D /* NotifyList.storyboard in Resources */ = {isa = PBXBuildFile; fileRef = 6E1CD0C71DD19B1800E1FD9D /* NotifyList.storyboard */; };
		6E1CD0D01DD1C58200E1FD9D /* XYParentTableViewCell.m in Sources */ = {isa = PBXBuildFile; fileRef = 6E1CD0CF1DD1C58200E1FD9D /* XYParentTableViewCell.m */; };
		6E1CD0D31DD1C5D100E1FD9D /* XYTimeParentCell.m in Sources */ = {isa = PBXBuildFile; fileRef = 6E1CD0D21DD1C5D100E1FD9D /* XYTimeParentCell.m */; };
		6E1CD0D61DD1C6D800E1FD9D /* XYYearMonthDayCell.m in Sources */ = {isa = PBXBuildFile; fileRef = 6E1CD0D51DD1C6D800E1FD9D /* XYYearMonthDayCell.m */; };
		6E1CD0D91DD1C71100E1FD9D /* XYIsRepeatCell.m in Sources */ = {isa = PBXBuildFile; fileRef = 6E1CD0D81DD1C71100E1FD9D /* XYIsRepeatCell.m */; };
		6E1CD0DC1DD1C75800E1FD9D /* XYHourMinuteCell.m in Sources */ = {isa = PBXBuildFile; fileRef = 6E1CD0DB1DD1C75800E1FD9D /* XYHourMinuteCell.m */; };
		6E1CD0DF1DD1D44600E1FD9D /* XYTimeCellModel.m in Sources */ = {isa = PBXBuildFile; fileRef = 6E1CD0DE1DD1D44600E1FD9D /* XYTimeCellModel.m */; };
		6E3063441DC05171000DBB7D /* main.m in Sources */ = {isa = PBXBuildFile; fileRef = 6E3063431DC05171000DBB7D /* main.m */; };
		6E3063471DC05171000DBB7D /* AppDelegate.m in Sources */ = {isa = PBXBuildFile; fileRef = 6E3063461DC05171000DBB7D /* AppDelegate.m */; };
		6E30634D1DC05171000DBB7D /* AddEvent.storyboard in Resources */ = {isa = PBXBuildFile; fileRef = 6E30634B1DC05171000DBB7D /* AddEvent.storyboard */; };
		6E30634F1DC05171000DBB7D /* Assets.xcassets in Resources */ = {isa = PBXBuildFile; fileRef = 6E30634E1DC05171000DBB7D /* Assets.xcassets */; };
		6E3063521DC05171000DBB7D /* LaunchScreen.storyboard in Resources */ = {isa = PBXBuildFile; fileRef = 6E3063501DC05171000DBB7D /* LaunchScreen.storyboard */; };
		6E30637C1DC05B03000DBB7D /* AMapFoundationKit.framework in Frameworks */ = {isa = PBXBuildFile; fileRef = 6E3063771DC05B03000DBB7D /* AMapFoundationKit.framework */; };
		6E30637D1DC05B03000DBB7D /* AMapSearchKit.framework in Frameworks */ = {isa = PBXBuildFile; fileRef = 6E3063781DC05B03000DBB7D /* AMapSearchKit.framework */; };
		6E30637E1DC05B03000DBB7D /* MAMapKit.framework in Frameworks */ = {isa = PBXBuildFile; fileRef = 6E3063791DC05B03000DBB7D /* MAMapKit.framework */; };
		6E3063821DC05B23000DBB7D /* MapKit.framework in Frameworks */ = {isa = PBXBuildFile; fileRef = 6E3063811DC05B23000DBB7D /* MapKit.framework */; };
		6E3063841DC05B2C000DBB7D /* CoreGraphics.framework in Frameworks */ = {isa = PBXBuildFile; fileRef = 6E3063831DC05B2C000DBB7D /* CoreGraphics.framework */; };
		6E3063861DC05B34000DBB7D /* UIKit.framework in Frameworks */ = {isa = PBXBuildFile; fileRef = 6E3063851DC05B34000DBB7D /* UIKit.framework */; };
		6E3063881DC05B3D000DBB7D /* CoreLocation.framework in Frameworks */ = {isa = PBXBuildFile; fileRef = 6E3063871DC05B3D000DBB7D /* CoreLocation.framework */; };
		6E30638A1DC05B44000DBB7D /* CoreTelephony.framework in Frameworks */ = {isa = PBXBuildFile; fileRef = 6E3063891DC05B44000DBB7D /* CoreTelephony.framework */; };
		6E30638C1DC05B4A000DBB7D /* SystemConfiguration.framework in Frameworks */ = {isa = PBXBuildFile; fileRef = 6E30638B1DC05B4A000DBB7D /* SystemConfiguration.framework */; };
		6E30638E1DC05B51000DBB7D /* QuartzCore.framework in Frameworks */ = {isa = PBXBuildFile; fileRef = 6E30638D1DC05B51000DBB7D /* QuartzCore.framework */; };
		6E3063901DC05B5B000DBB7D /* Security.framework in Frameworks */ = {isa = PBXBuildFile; fileRef = 6E30638F1DC05B5B000DBB7D /* Security.framework */; };
		6E3063921DC05B66000DBB7D /* libz.tbd in Frameworks */ = {isa = PBXBuildFile; fileRef = 6E3063911DC05B66000DBB7D /* libz.tbd */; };
		6E3063941DC05B6F000DBB7D /* libstdc++.6.0.9.tbd in Frameworks */ = {isa = PBXBuildFile; fileRef = 6E3063931DC05B6F000DBB7D /* libstdc++.6.0.9.tbd */; };
		6E3063961DC05B77000DBB7D /* libc++.tbd in Frameworks */ = {isa = PBXBuildFile; fileRef = 6E3063951DC05B77000DBB7D /* libc++.tbd */; };
		6E30639C1DC05F5C000DBB7D /* XYMainViewController.m in Sources */ = {isa = PBXBuildFile; fileRef = 6E30639B1DC05F5C000DBB7D /* XYMainViewController.m */; };
		6E3063A11DC060C4000DBB7D /* XYParentViewController.m in Sources */ = {isa = PBXBuildFile; fileRef = 6E3063A01DC060C4000DBB7D /* XYParentViewController.m */; };
		6E3063A41DC060DD000DBB7D /* XYParentView.m in Sources */ = {isa = PBXBuildFile; fileRef = 6E3063A31DC060DD000DBB7D /* XYParentView.m */; };
		6E3063A71DC06141000DBB7D /* XYParentModel.m in Sources */ = {isa = PBXBuildFile; fileRef = 6E3063A61DC06141000DBB7D /* XYParentModel.m */; };
		6E3063AA1DC0761C000DBB7D /* XYWillNotifyViewController.m in Sources */ = {isa = PBXBuildFile; fileRef = 6E3063A91DC0761C000DBB7D /* XYWillNotifyViewController.m */; };
		6E3063AD1DC07650000DBB7D /* XYAddAddressViewController.m in Sources */ = {isa = PBXBuildFile; fileRef = 6E3063AC1DC07650000DBB7D /* XYAddAddressViewController.m */; };
		6E3063B01DC07F58000DBB7D /* XYAddEventViewController.m in Sources */ = {isa = PBXBuildFile; fileRef = 6E3063AF1DC07F58000DBB7D /* XYAddEventViewController.m */; };
		6E3063B31DC0863D000DBB7D /* HWTextView.m in Sources */ = {isa = PBXBuildFile; fileRef = 6E3063B21DC0863D000DBB7D /* HWTextView.m */; };
		6E3063BD1DC08FE3000DBB7D /* XYNotifyPropertyChangeView.m in Sources */ = {isa = PBXBuildFile; fileRef = 6E3063BC1DC08FE3000DBB7D /* XYNotifyPropertyChangeView.m */; };
		6E3063C01DC0A250000DBB7D /* XYUserInfo.m in Sources */ = {isa = PBXBuildFile; fileRef = 6E3063BF1DC0A250000DBB7D /* XYUserInfo.m */; };
		6E3063C41DC0B390000DBB7D /* AMapTipAnnotation.m in Sources */ = {isa = PBXBuildFile; fileRef = 6E3063C31DC0B390000DBB7D /* AMapTipAnnotation.m */; };
		6E3066CC1DC1F4E2000DBB7D /* locate@2x.png in Resources */ = {isa = PBXBuildFile; fileRef = 6E3066CB1DC1F4E2000DBB7D /* locate@2x.png */; };
		6E3066CE1DC1F516000DBB7D /* AMap.bundle in Resources */ = {isa = PBXBuildFile; fileRef = 6E3066CD1DC1F516000DBB7D /* AMap.bundle */; };
		6E3066D11DC200AF000DBB7D /* XYHgithtOfKeyboard.m in Sources */ = {isa = PBXBuildFile; fileRef = 6E3066D01DC200AF000DBB7D /* XYHgithtOfKeyboard.m */; };
		6E3522431DC9DEB90000BEF0 /* XYTool.m in Sources */ = {isa = PBXBuildFile; fileRef = 6E3522421DC9DEB90000BEF0 /* XYTool.m */; };
		6E3522611DC9DFC10000BEF0 /* LICENSE in Resources */ = {isa = PBXBuildFile; fileRef = 6E3522451DC9DFC10000BEF0 /* LICENSE */; };
		6E3522621DC9DFC10000BEF0 /* MASCompositeConstraint.m in Sources */ = {isa = PBXBuildFile; fileRef = 6E3522481DC9DFC10000BEF0 /* MASCompositeConstraint.m */; };
		6E3522631DC9DFC10000BEF0 /* MASConstraint.m in Sources */ = {isa = PBXBuildFile; fileRef = 6E35224B1DC9DFC10000BEF0 /* MASConstraint.m */; };
		6E3522641DC9DFC10000BEF0 /* MASConstraintMaker.m in Sources */ = {isa = PBXBuildFile; fileRef = 6E35224D1DC9DFC10000BEF0 /* MASConstraintMaker.m */; };
		6E3522651DC9DFC10000BEF0 /* MASLayoutConstraint.m in Sources */ = {isa = PBXBuildFile; fileRef = 6E35224F1DC9DFC10000BEF0 /* MASLayoutConstraint.m */; };
		6E3522661DC9DFC10000BEF0 /* MASViewAttribute.m in Sources */ = {isa = PBXBuildFile; fileRef = 6E3522531DC9DFC10000BEF0 /* MASViewAttribute.m */; };
		6E3522671DC9DFC10000BEF0 /* MASViewConstraint.m in Sources */ = {isa = PBXBuildFile; fileRef = 6E3522551DC9DFC10000BEF0 /* MASViewConstraint.m */; };
		6E3522681DC9DFC10000BEF0 /* NSArray+MASAdditions.m in Sources */ = {isa = PBXBuildFile; fileRef = 6E3522571DC9DFC10000BEF0 /* NSArray+MASAdditions.m */; };
		6E3522691DC9DFC10000BEF0 /* NSLayoutConstraint+MASDebugAdditions.m in Sources */ = {isa = PBXBuildFile; fileRef = 6E35225A1DC9DFC10000BEF0 /* NSLayoutConstraint+MASDebugAdditions.m */; };
		6E35226A1DC9DFC10000BEF0 /* View+MASAdditions.m in Sources */ = {isa = PBXBuildFile; fileRef = 6E35225C1DC9DFC10000BEF0 /* View+MASAdditions.m */; };
		6E35226B1DC9DFC10000BEF0 /* ViewController+MASAdditions.m in Sources */ = {isa = PBXBuildFile; fileRef = 6E35225F1DC9DFC10000BEF0 /* ViewController+MASAdditions.m */; };
		6E35226C1DC9DFC10000BEF0 /* README.md in Sources */ = {isa = PBXBuildFile; fileRef = 6E3522601DC9DFC10000BEF0 /* README.md */; };
		6E3522711DCB0CF40000BEF0 /* XYSetTimeView.m in Sources */ = {isa = PBXBuildFile; fileRef = 6E3522701DCB0CF40000BEF0 /* XYSetTimeView.m */; };
		6E3522731DCB0D040000BEF0 /* XYSetTimeView.xib in Resources */ = {isa = PBXBuildFile; fileRef = 6E3522721DCB0D040000BEF0 /* XYSetTimeView.xib */; };
		6E3522761DCB0DAC0000BEF0 /* XYSetLoctionView.m in Sources */ = {isa = PBXBuildFile; fileRef = 6E3522751DCB0DAC0000BEF0 /* XYSetLoctionView.m */; };
		6E3522781DCB0DB40000BEF0 /* XYSetLoctionView.xib in Resources */ = {isa = PBXBuildFile; fileRef = 6E3522771DCB0DB40000BEF0 /* XYSetLoctionView.xib */; };
		6E3D4F511DC721E50079D8FD /* SWRevealViewController.m in Sources */ = {isa = PBXBuildFile; fileRef = 6E3D4F501DC721E50079D8FD /* SWRevealViewController.m */; };
		6E3D4F561DC723090079D8FD /* XYRearViewController.m in Sources */ = {isa = PBXBuildFile; fileRef = 6E3D4F541DC723090079D8FD /* XYRearViewController.m */; };
		6E3D4F571DC723090079D8FD /* XYRearViewController.xib in Resources */ = {isa = PBXBuildFile; fileRef = 6E3D4F551DC723090079D8FD /* XYRearViewController.xib */; };
		6ED632841DD5707F00C8167D /* XYTimeSectionModel.m in Sources */ = {isa = PBXBuildFile; fileRef = 6ED632831DD5707F00C8167D /* XYTimeSectionModel.m */; };
		6ED632881DD95E9F00C8167D /* FyCalendarView.m in Sources */ = {isa = PBXBuildFile; fileRef = 6ED632871DD95E9F00C8167D /* FyCalendarView.m */; };
		6ED6328C1DDAA6CF00C8167D /* ALDClock.m in Sources */ = {isa = PBXBuildFile; fileRef = 6ED6328B1DDAA6CF00C8167D /* ALDClock.m */; };
		6ED6328F1DDC07A500C8167D /* XYAnimationView.m in Sources */ = {isa = PBXBuildFile; fileRef = 6ED6328E1DDC07A500C8167D /* XYAnimationView.m */; };
		6ED632921DDC0F9200C8167D /* XYAnimationViewModel.m in Sources */ = {isa = PBXBuildFile; fileRef = 6ED632911DDC0F9200C8167D /* XYAnimationViewModel.m */; };
		8256E0361DC6E1ED0006939C /* CloudKit.framework in Frameworks */ = {isa = PBXBuildFile; fileRef = 8256E0351DC6E1ED0006939C /* CloudKit.framework */; };
		8256E03A1DC6E3AA0006939C /* iCloudManager.m in Sources */ = {isa = PBXBuildFile; fileRef = 8256E0391DC6E3AA0006939C /* iCloudManager.m */; };
		8256E03C1DC6EA860006939C /* EventKit.framework in Frameworks */ = {isa = PBXBuildFile; fileRef = 8256E03B1DC6EA860006939C /* EventKit.framework */; };
		8256E0401DC6EA9A0006939C /* EventManager.m in Sources */ = {isa = PBXBuildFile; fileRef = 8256E03F1DC6EA9A0006939C /* EventManager.m */; };
		82A42F6D1DC1DF2800A29058 /* DBManager.h in Headers */ = {isa = PBXBuildFile; fileRef = 82A42F6B1DC1DF2800A29058 /* DBManager.h */; settings = {ATTRIBUTES = (Public, ); }; };
		82A42F701DC1DF2800A29058 /* DBManager.framework in Frameworks */ = {isa = PBXBuildFile; fileRef = 82A42F691DC1DF2800A29058 /* DBManager.framework */; };
		82A42F711DC1DF2800A29058 /* DBManager.framework in Embed Frameworks */ = {isa = PBXBuildFile; fileRef = 82A42F691DC1DF2800A29058 /* DBManager.framework */; settings = {ATTRIBUTES = (CodeSignOnCopy, RemoveHeadersOnCopy, ); }; };
		82A42F761DC1DF4200A29058 /* ForgetGroupDB.xcdatamodeld in Sources */ = {isa = PBXBuildFile; fileRef = 82BEA0411DC07F6E001F39F0 /* ForgetGroupDB.xcdatamodeld */; };
		82A42F771DC1DF4600A29058 /* IntentEvent+CoreDataProperties.m in Sources */ = {isa = PBXBuildFile; fileRef = 82CAFCFD1DC083D0004730DF /* IntentEvent+CoreDataProperties.m */; };
		82A42F781DC1DF4E00A29058 /* IntentEvent+CoreDataClass.m in Sources */ = {isa = PBXBuildFile; fileRef = 82CAFCFB1DC083D0004730DF /* IntentEvent+CoreDataClass.m */; };
		82A42F7C1DC1DF8000A29058 /* DBManagerContext.m in Sources */ = {isa = PBXBuildFile; fileRef = 82A42F7A1DC1DF8000A29058 /* DBManagerContext.m */; };
		82A42F7D1DC1DFC000A29058 /* DBManager.framework in Frameworks */ = {isa = PBXBuildFile; fileRef = 82A42F691DC1DF2800A29058 /* DBManager.framework */; };
		82A42F7F1DC1E65400A29058 /* CoreData.framework in Frameworks */ = {isa = PBXBuildFile; fileRef = 82A42F7E1DC1E65400A29058 /* CoreData.framework */; };
		82A42F831DC1EA1000A29058 /* IntentEvent+CoreDataClass.h in Headers */ = {isa = PBXBuildFile; fileRef = 82CAFCFA1DC083D0004730DF /* IntentEvent+CoreDataClass.h */; settings = {ATTRIBUTES = (Public, ); }; };
		82A42F841DC1EA1000A29058 /* IntentEvent+CoreDataProperties.h in Headers */ = {isa = PBXBuildFile; fileRef = 82CAFCFC1DC083D0004730DF /* IntentEvent+CoreDataProperties.h */; settings = {ATTRIBUTES = (Public, ); }; };
		82A42F851DC1EA1000A29058 /* DBManagerContext.h in Headers */ = {isa = PBXBuildFile; fileRef = 82A42F791DC1DF8000A29058 /* DBManagerContext.h */; settings = {ATTRIBUTES = (Public, ); }; };
		82A42F861DC1EE4600A29058 /* ForgetGroupDB.xcdatamodeld in Sources */ = {isa = PBXBuildFile; fileRef = 82BEA0411DC07F6E001F39F0 /* ForgetGroupDB.xcdatamodeld */; };
		82A42F891DC1F6BC00A29058 /* IntentForget.m in Sources */ = {isa = PBXBuildFile; fileRef = 82A42F881DC1F6BC00A29058 /* IntentForget.m */; };
		82A42F8A1DC1F8DA00A29058 /*  AppIntentVocabulary.plist in Resources */ = {isa = PBXBuildFile; fileRef = 82A42F5E1DC1AD9000A29058 /*  AppIntentVocabulary.plist */; };
		82A42F8C1DC1FE8600A29058 /* Intents.framework in Frameworks */ = {isa = PBXBuildFile; fileRef = 82A42F8B1DC1FE8600A29058 /* Intents.framework */; };
		82BEA0221DC07EA0001F39F0 /* IntentHandler.m in Sources */ = {isa = PBXBuildFile; fileRef = 82BEA0211DC07EA0001F39F0 /* IntentHandler.m */; };
		82BEA02A1DC07EA1001F39F0 /* IntentsUI.framework in Frameworks */ = {isa = PBXBuildFile; fileRef = 82BEA0291DC07EA1001F39F0 /* IntentsUI.framework */; };
		82BEA02E1DC07EA1001F39F0 /* IntentViewController.m in Sources */ = {isa = PBXBuildFile; fileRef = 82BEA02D1DC07EA1001F39F0 /* IntentViewController.m */; };
		82BEA0311DC07EA1001F39F0 /* MainInterface.storyboard in Resources */ = {isa = PBXBuildFile; fileRef = 82BEA02F1DC07EA1001F39F0 /* MainInterface.storyboard */; };
		82BEA0351DC07EA1001F39F0 /* Forget_SiriUI.appex in Embed App Extensions */ = {isa = PBXBuildFile; fileRef = 82BEA0281DC07EA1001F39F0 /* Forget_SiriUI.appex */; settings = {ATTRIBUTES = (RemoveHeadersOnCopy, ); }; };
		82BEA0381DC07EA1001F39F0 /* Forget_Siri.appex in Embed App Extensions */ = {isa = PBXBuildFile; fileRef = 82BEA01E1DC07EA0001F39F0 /* Forget_Siri.appex */; settings = {ATTRIBUTES = (RemoveHeadersOnCopy, ); }; };
		82CAFD061DC0AC6A004730DF /* 222.png in Resources */ = {isa = PBXBuildFile; fileRef = 82CAFD051DC0AC6A004730DF /* 222.png */; };
/* End PBXBuildFile section */

/* Begin PBXContainerItemProxy section */
		82A42F6E1DC1DF2800A29058 /* PBXContainerItemProxy */ = {
			isa = PBXContainerItemProxy;
			containerPortal = 6E3063371DC05171000DBB7D /* Project object */;
			proxyType = 1;
			remoteGlobalIDString = 82A42F681DC1DF2800A29058;
			remoteInfo = DBManager;
		};
		82BEA0331DC07EA1001F39F0 /* PBXContainerItemProxy */ = {
			isa = PBXContainerItemProxy;
			containerPortal = 6E3063371DC05171000DBB7D /* Project object */;
			proxyType = 1;
			remoteGlobalIDString = 82BEA0271DC07EA1001F39F0;
			remoteInfo = Forget_SiriUI;
		};
		82BEA0361DC07EA1001F39F0 /* PBXContainerItemProxy */ = {
			isa = PBXContainerItemProxy;
			containerPortal = 6E3063371DC05171000DBB7D /* Project object */;
			proxyType = 1;
			remoteGlobalIDString = 82BEA01D1DC07EA0001F39F0;
			remoteInfo = Forget_Siri;
		};
/* End PBXContainerItemProxy section */

/* Begin PBXCopyFilesBuildPhase section */
		82A42F751DC1DF2800A29058 /* Embed Frameworks */ = {
			isa = PBXCopyFilesBuildPhase;
			buildActionMask = 2147483647;
			dstPath = "";
			dstSubfolderSpec = 10;
			files = (
				82A42F711DC1DF2800A29058 /* DBManager.framework in Embed Frameworks */,
			);
			name = "Embed Frameworks";
			runOnlyForDeploymentPostprocessing = 0;
		};
		82BEA03F1DC07EA1001F39F0 /* Embed App Extensions */ = {
			isa = PBXCopyFilesBuildPhase;
			buildActionMask = 2147483647;
			dstPath = "";
			dstSubfolderSpec = 13;
			files = (
				82BEA0381DC07EA1001F39F0 /* Forget_Siri.appex in Embed App Extensions */,
				82BEA0351DC07EA1001F39F0 /* Forget_SiriUI.appex in Embed App Extensions */,
			);
			name = "Embed App Extensions";
			runOnlyForDeploymentPostprocessing = 0;
		};
/* End PBXCopyFilesBuildPhase section */

/* Begin PBXFileReference section */
		6E1CD0C71DD19B1800E1FD9D /* NotifyList.storyboard */ = {isa = PBXFileReference; fileEncoding = 4; lastKnownFileType = file.storyboard; path = NotifyList.storyboard; sourceTree = "<group>"; };
		6E1CD0CE1DD1C58200E1FD9D /* XYParentTableViewCell.h */ = {isa = PBXFileReference; fileEncoding = 4; lastKnownFileType = sourcecode.c.h; path = XYParentTableViewCell.h; sourceTree = "<group>"; };
		6E1CD0CF1DD1C58200E1FD9D /* XYParentTableViewCell.m */ = {isa = PBXFileReference; fileEncoding = 4; lastKnownFileType = sourcecode.c.objc; path = XYParentTableViewCell.m; sourceTree = "<group>"; };
		6E1CD0D11DD1C5D100E1FD9D /* XYTimeParentCell.h */ = {isa = PBXFileReference; fileEncoding = 4; lastKnownFileType = sourcecode.c.h; path = XYTimeParentCell.h; sourceTree = "<group>"; };
		6E1CD0D21DD1C5D100E1FD9D /* XYTimeParentCell.m */ = {isa = PBXFileReference; fileEncoding = 4; lastKnownFileType = sourcecode.c.objc; path = XYTimeParentCell.m; sourceTree = "<group>"; };
		6E1CD0D41DD1C6D800E1FD9D /* XYYearMonthDayCell.h */ = {isa = PBXFileReference; fileEncoding = 4; lastKnownFileType = sourcecode.c.h; path = XYYearMonthDayCell.h; sourceTree = "<group>"; };
		6E1CD0D51DD1C6D800E1FD9D /* XYYearMonthDayCell.m */ = {isa = PBXFileReference; fileEncoding = 4; lastKnownFileType = sourcecode.c.objc; path = XYYearMonthDayCell.m; sourceTree = "<group>"; };
		6E1CD0D71DD1C71100E1FD9D /* XYIsRepeatCell.h */ = {isa = PBXFileReference; fileEncoding = 4; lastKnownFileType = sourcecode.c.h; path = XYIsRepeatCell.h; sourceTree = "<group>"; };
		6E1CD0D81DD1C71100E1FD9D /* XYIsRepeatCell.m */ = {isa = PBXFileReference; fileEncoding = 4; lastKnownFileType = sourcecode.c.objc; path = XYIsRepeatCell.m; sourceTree = "<group>"; };
		6E1CD0DA1DD1C75800E1FD9D /* XYHourMinuteCell.h */ = {isa = PBXFileReference; fileEncoding = 4; lastKnownFileType = sourcecode.c.h; path = XYHourMinuteCell.h; sourceTree = "<group>"; };
		6E1CD0DB1DD1C75800E1FD9D /* XYHourMinuteCell.m */ = {isa = PBXFileReference; fileEncoding = 4; lastKnownFileType = sourcecode.c.objc; path = XYHourMinuteCell.m; sourceTree = "<group>"; };
		6E1CD0DD1DD1D44600E1FD9D /* XYTimeCellModel.h */ = {isa = PBXFileReference; fileEncoding = 4; lastKnownFileType = sourcecode.c.h; path = XYTimeCellModel.h; sourceTree = "<group>"; };
		6E1CD0DE1DD1D44600E1FD9D /* XYTimeCellModel.m */ = {isa = PBXFileReference; fileEncoding = 4; lastKnownFileType = sourcecode.c.objc; path = XYTimeCellModel.m; sourceTree = "<group>"; };
		6E30633F1DC05171000DBB7D /* Forget_iOS.app */ = {isa = PBXFileReference; explicitFileType = wrapper.application; includeInIndex = 0; path = Forget_iOS.app; sourceTree = BUILT_PRODUCTS_DIR; };
		6E3063431DC05171000DBB7D /* main.m */ = {isa = PBXFileReference; lastKnownFileType = sourcecode.c.objc; path = main.m; sourceTree = "<group>"; };
		6E3063451DC05171000DBB7D /* AppDelegate.h */ = {isa = PBXFileReference; lastKnownFileType = sourcecode.c.h; path = AppDelegate.h; sourceTree = "<group>"; };
		6E3063461DC05171000DBB7D /* AppDelegate.m */ = {isa = PBXFileReference; lastKnownFileType = sourcecode.c.objc; path = AppDelegate.m; sourceTree = "<group>"; };
		6E30634C1DC05171000DBB7D /* Base */ = {isa = PBXFileReference; lastKnownFileType = file.storyboard; name = Base; path = Base.lproj/AddEvent.storyboard; sourceTree = "<group>"; };
		6E30634E1DC05171000DBB7D /* Assets.xcassets */ = {isa = PBXFileReference; lastKnownFileType = folder.assetcatalog; path = Assets.xcassets; sourceTree = "<group>"; };
		6E3063511DC05171000DBB7D /* Base */ = {isa = PBXFileReference; lastKnownFileType = file.storyboard; name = Base; path = Base.lproj/LaunchScreen.storyboard; sourceTree = "<group>"; };
		6E3063531DC05171000DBB7D /* Info.plist */ = {isa = PBXFileReference; lastKnownFileType = text.plist.xml; path = Info.plist; sourceTree = "<group>"; };
		6E30635C1DC05171000DBB7D /* Forget_iOSTests.m */ = {isa = PBXFileReference; lastKnownFileType = sourcecode.c.objc; path = Forget_iOSTests.m; sourceTree = "<group>"; };
		6E30635E1DC05171000DBB7D /* Info.plist */ = {isa = PBXFileReference; lastKnownFileType = text.plist.xml; path = Info.plist; sourceTree = "<group>"; };
		6E3063671DC05171000DBB7D /* Forget_iOSUITests.m */ = {isa = PBXFileReference; lastKnownFileType = sourcecode.c.objc; path = Forget_iOSUITests.m; sourceTree = "<group>"; };
		6E3063691DC05171000DBB7D /* Info.plist */ = {isa = PBXFileReference; lastKnownFileType = text.plist.xml; path = Info.plist; sourceTree = "<group>"; };
		6E3063771DC05B03000DBB7D /* AMapFoundationKit.framework */ = {isa = PBXFileReference; lastKnownFileType = wrapper.framework; path = AMapFoundationKit.framework; sourceTree = "<group>"; };
		6E3063781DC05B03000DBB7D /* AMapSearchKit.framework */ = {isa = PBXFileReference; lastKnownFileType = wrapper.framework; path = AMapSearchKit.framework; sourceTree = "<group>"; };
		6E3063791DC05B03000DBB7D /* MAMapKit.framework */ = {isa = PBXFileReference; lastKnownFileType = wrapper.framework; path = MAMapKit.framework; sourceTree = "<group>"; };
		6E3063811DC05B23000DBB7D /* MapKit.framework */ = {isa = PBXFileReference; lastKnownFileType = wrapper.framework; name = MapKit.framework; path = System/Library/Frameworks/MapKit.framework; sourceTree = SDKROOT; };
		6E3063831DC05B2C000DBB7D /* CoreGraphics.framework */ = {isa = PBXFileReference; lastKnownFileType = wrapper.framework; name = CoreGraphics.framework; path = System/Library/Frameworks/CoreGraphics.framework; sourceTree = SDKROOT; };
		6E3063851DC05B34000DBB7D /* UIKit.framework */ = {isa = PBXFileReference; lastKnownFileType = wrapper.framework; name = UIKit.framework; path = System/Library/Frameworks/UIKit.framework; sourceTree = SDKROOT; };
		6E3063871DC05B3D000DBB7D /* CoreLocation.framework */ = {isa = PBXFileReference; lastKnownFileType = wrapper.framework; name = CoreLocation.framework; path = System/Library/Frameworks/CoreLocation.framework; sourceTree = SDKROOT; };
		6E3063891DC05B44000DBB7D /* CoreTelephony.framework */ = {isa = PBXFileReference; lastKnownFileType = wrapper.framework; name = CoreTelephony.framework; path = System/Library/Frameworks/CoreTelephony.framework; sourceTree = SDKROOT; };
		6E30638B1DC05B4A000DBB7D /* SystemConfiguration.framework */ = {isa = PBXFileReference; lastKnownFileType = wrapper.framework; name = SystemConfiguration.framework; path = System/Library/Frameworks/SystemConfiguration.framework; sourceTree = SDKROOT; };
		6E30638D1DC05B51000DBB7D /* QuartzCore.framework */ = {isa = PBXFileReference; lastKnownFileType = wrapper.framework; name = QuartzCore.framework; path = System/Library/Frameworks/QuartzCore.framework; sourceTree = SDKROOT; };
		6E30638F1DC05B5B000DBB7D /* Security.framework */ = {isa = PBXFileReference; lastKnownFileType = wrapper.framework; name = Security.framework; path = System/Library/Frameworks/Security.framework; sourceTree = SDKROOT; };
		6E3063911DC05B66000DBB7D /* libz.tbd */ = {isa = PBXFileReference; lastKnownFileType = "sourcecode.text-based-dylib-definition"; name = libz.tbd; path = usr/lib/libz.tbd; sourceTree = SDKROOT; };
		6E3063931DC05B6F000DBB7D /* libstdc++.6.0.9.tbd */ = {isa = PBXFileReference; lastKnownFileType = "sourcecode.text-based-dylib-definition"; name = "libstdc++.6.0.9.tbd"; path = "usr/lib/libstdc++.6.0.9.tbd"; sourceTree = SDKROOT; };
		6E3063951DC05B77000DBB7D /* libc++.tbd */ = {isa = PBXFileReference; lastKnownFileType = "sourcecode.text-based-dylib-definition"; name = "libc++.tbd"; path = "usr/lib/libc++.tbd"; sourceTree = SDKROOT; };
		6E30639A1DC05F5C000DBB7D /* XYMainViewController.h */ = {isa = PBXFileReference; fileEncoding = 4; lastKnownFileType = sourcecode.c.h; path = XYMainViewController.h; sourceTree = "<group>"; };
		6E30639B1DC05F5C000DBB7D /* XYMainViewController.m */ = {isa = PBXFileReference; fileEncoding = 4; lastKnownFileType = sourcecode.c.objc; path = XYMainViewController.m; sourceTree = "<group>"; };
		6E30639D1DC05F87000DBB7D /* ACMacros.h */ = {isa = PBXFileReference; fileEncoding = 4; lastKnownFileType = sourcecode.c.h; path = ACMacros.h; sourceTree = "<group>"; };
		6E30639E1DC05FC0000DBB7D /* XYPrefixHeader.pch */ = {isa = PBXFileReference; lastKnownFileType = sourcecode.c.h; path = XYPrefixHeader.pch; sourceTree = "<group>"; };
		6E30639F1DC060C4000DBB7D /* XYParentViewController.h */ = {isa = PBXFileReference; fileEncoding = 4; lastKnownFileType = sourcecode.c.h; path = XYParentViewController.h; sourceTree = "<group>"; };
		6E3063A01DC060C4000DBB7D /* XYParentViewController.m */ = {isa = PBXFileReference; fileEncoding = 4; lastKnownFileType = sourcecode.c.objc; path = XYParentViewController.m; sourceTree = "<group>"; };
		6E3063A21DC060DD000DBB7D /* XYParentView.h */ = {isa = PBXFileReference; fileEncoding = 4; lastKnownFileType = sourcecode.c.h; path = XYParentView.h; sourceTree = "<group>"; };
		6E3063A31DC060DD000DBB7D /* XYParentView.m */ = {isa = PBXFileReference; fileEncoding = 4; lastKnownFileType = sourcecode.c.objc; path = XYParentView.m; sourceTree = "<group>"; };
		6E3063A51DC06141000DBB7D /* XYParentModel.h */ = {isa = PBXFileReference; fileEncoding = 4; lastKnownFileType = sourcecode.c.h; path = XYParentModel.h; sourceTree = "<group>"; };
		6E3063A61DC06141000DBB7D /* XYParentModel.m */ = {isa = PBXFileReference; fileEncoding = 4; lastKnownFileType = sourcecode.c.objc; path = XYParentModel.m; sourceTree = "<group>"; };
		6E3063A81DC0761C000DBB7D /* XYWillNotifyViewController.h */ = {isa = PBXFileReference; fileEncoding = 4; lastKnownFileType = sourcecode.c.h; path = XYWillNotifyViewController.h; sourceTree = "<group>"; };
		6E3063A91DC0761C000DBB7D /* XYWillNotifyViewController.m */ = {isa = PBXFileReference; fileEncoding = 4; lastKnownFileType = sourcecode.c.objc; path = XYWillNotifyViewController.m; sourceTree = "<group>"; };
		6E3063AB1DC07650000DBB7D /* XYAddAddressViewController.h */ = {isa = PBXFileReference; fileEncoding = 4; lastKnownFileType = sourcecode.c.h; path = XYAddAddressViewController.h; sourceTree = "<group>"; };
		6E3063AC1DC07650000DBB7D /* XYAddAddressViewController.m */ = {isa = PBXFileReference; fileEncoding = 4; lastKnownFileType = sourcecode.c.objc; path = XYAddAddressViewController.m; sourceTree = "<group>"; };
		6E3063AE1DC07F58000DBB7D /* XYAddEventViewController.h */ = {isa = PBXFileReference; fileEncoding = 4; lastKnownFileType = sourcecode.c.h; path = XYAddEventViewController.h; sourceTree = "<group>"; };
		6E3063AF1DC07F58000DBB7D /* XYAddEventViewController.m */ = {isa = PBXFileReference; fileEncoding = 4; lastKnownFileType = sourcecode.c.objc; path = XYAddEventViewController.m; sourceTree = "<group>"; };
		6E3063B11DC0863D000DBB7D /* HWTextView.h */ = {isa = PBXFileReference; fileEncoding = 4; lastKnownFileType = sourcecode.c.h; path = HWTextView.h; sourceTree = "<group>"; };
		6E3063B21DC0863D000DBB7D /* HWTextView.m */ = {isa = PBXFileReference; fileEncoding = 4; lastKnownFileType = sourcecode.c.objc; path = HWTextView.m; sourceTree = "<group>"; };
		6E3063BB1DC08FE3000DBB7D /* XYNotifyPropertyChangeView.h */ = {isa = PBXFileReference; fileEncoding = 4; lastKnownFileType = sourcecode.c.h; path = XYNotifyPropertyChangeView.h; sourceTree = "<group>"; };
		6E3063BC1DC08FE3000DBB7D /* XYNotifyPropertyChangeView.m */ = {isa = PBXFileReference; fileEncoding = 4; lastKnownFileType = sourcecode.c.objc; path = XYNotifyPropertyChangeView.m; sourceTree = "<group>"; };
		6E3063BE1DC0A250000DBB7D /* XYUserInfo.h */ = {isa = PBXFileReference; fileEncoding = 4; lastKnownFileType = sourcecode.c.h; path = XYUserInfo.h; sourceTree = "<group>"; };
		6E3063BF1DC0A250000DBB7D /* XYUserInfo.m */ = {isa = PBXFileReference; fileEncoding = 4; lastKnownFileType = sourcecode.c.objc; path = XYUserInfo.m; sourceTree = "<group>"; };
		6E3063C21DC0B390000DBB7D /* AMapTipAnnotation.h */ = {isa = PBXFileReference; fileEncoding = 4; lastKnownFileType = sourcecode.c.h; path = AMapTipAnnotation.h; sourceTree = "<group>"; };
		6E3063C31DC0B390000DBB7D /* AMapTipAnnotation.m */ = {isa = PBXFileReference; fileEncoding = 4; lastKnownFileType = sourcecode.c.objc; path = AMapTipAnnotation.m; sourceTree = "<group>"; };
		6E3066CB1DC1F4E2000DBB7D /* locate@2x.png */ = {isa = PBXFileReference; lastKnownFileType = image.png; path = "locate@2x.png"; sourceTree = "<group>"; };
		6E3066CD1DC1F516000DBB7D /* AMap.bundle */ = {isa = PBXFileReference; lastKnownFileType = "wrapper.plug-in"; path = AMap.bundle; sourceTree = "<group>"; };
		6E3066CF1DC200AF000DBB7D /* XYHgithtOfKeyboard.h */ = {isa = PBXFileReference; fileEncoding = 4; lastKnownFileType = sourcecode.c.h; name = XYHgithtOfKeyboard.h; path = ../ParentClass/XYHgithtOfKeyboard.h; sourceTree = "<group>"; };
		6E3066D01DC200AF000DBB7D /* XYHgithtOfKeyboard.m */ = {isa = PBXFileReference; fileEncoding = 4; lastKnownFileType = sourcecode.c.objc; name = XYHgithtOfKeyboard.m; path = ../ParentClass/XYHgithtOfKeyboard.m; sourceTree = "<group>"; };
		6E3522411DC9DEB90000BEF0 /* XYTool.h */ = {isa = PBXFileReference; fileEncoding = 4; lastKnownFileType = sourcecode.c.h; path = XYTool.h; sourceTree = "<group>"; };
		6E3522421DC9DEB90000BEF0 /* XYTool.m */ = {isa = PBXFileReference; fileEncoding = 4; lastKnownFileType = sourcecode.c.objc; path = XYTool.m; sourceTree = "<group>"; };
		6E3522451DC9DFC10000BEF0 /* LICENSE */ = {isa = PBXFileReference; fileEncoding = 4; lastKnownFileType = text; path = LICENSE; sourceTree = "<group>"; };
		6E3522471DC9DFC10000BEF0 /* MASCompositeConstraint.h */ = {isa = PBXFileReference; fileEncoding = 4; lastKnownFileType = sourcecode.c.h; path = MASCompositeConstraint.h; sourceTree = "<group>"; };
		6E3522481DC9DFC10000BEF0 /* MASCompositeConstraint.m */ = {isa = PBXFileReference; fileEncoding = 4; lastKnownFileType = sourcecode.c.objc; path = MASCompositeConstraint.m; sourceTree = "<group>"; };
		6E3522491DC9DFC10000BEF0 /* MASConstraint+Private.h */ = {isa = PBXFileReference; fileEncoding = 4; lastKnownFileType = sourcecode.c.h; path = "MASConstraint+Private.h"; sourceTree = "<group>"; };
		6E35224A1DC9DFC10000BEF0 /* MASConstraint.h */ = {isa = PBXFileReference; fileEncoding = 4; lastKnownFileType = sourcecode.c.h; path = MASConstraint.h; sourceTree = "<group>"; };
		6E35224B1DC9DFC10000BEF0 /* MASConstraint.m */ = {isa = PBXFileReference; fileEncoding = 4; lastKnownFileType = sourcecode.c.objc; path = MASConstraint.m; sourceTree = "<group>"; };
		6E35224C1DC9DFC10000BEF0 /* MASConstraintMaker.h */ = {isa = PBXFileReference; fileEncoding = 4; lastKnownFileType = sourcecode.c.h; path = MASConstraintMaker.h; sourceTree = "<group>"; };
		6E35224D1DC9DFC10000BEF0 /* MASConstraintMaker.m */ = {isa = PBXFileReference; fileEncoding = 4; lastKnownFileType = sourcecode.c.objc; path = MASConstraintMaker.m; sourceTree = "<group>"; };
		6E35224E1DC9DFC10000BEF0 /* MASLayoutConstraint.h */ = {isa = PBXFileReference; fileEncoding = 4; lastKnownFileType = sourcecode.c.h; path = MASLayoutConstraint.h; sourceTree = "<group>"; };
		6E35224F1DC9DFC10000BEF0 /* MASLayoutConstraint.m */ = {isa = PBXFileReference; fileEncoding = 4; lastKnownFileType = sourcecode.c.objc; path = MASLayoutConstraint.m; sourceTree = "<group>"; };
		6E3522501DC9DFC10000BEF0 /* Masonry.h */ = {isa = PBXFileReference; fileEncoding = 4; lastKnownFileType = sourcecode.c.h; path = Masonry.h; sourceTree = "<group>"; };
		6E3522511DC9DFC10000BEF0 /* MASUtilities.h */ = {isa = PBXFileReference; fileEncoding = 4; lastKnownFileType = sourcecode.c.h; path = MASUtilities.h; sourceTree = "<group>"; };
		6E3522521DC9DFC10000BEF0 /* MASViewAttribute.h */ = {isa = PBXFileReference; fileEncoding = 4; lastKnownFileType = sourcecode.c.h; path = MASViewAttribute.h; sourceTree = "<group>"; };
		6E3522531DC9DFC10000BEF0 /* MASViewAttribute.m */ = {isa = PBXFileReference; fileEncoding = 4; lastKnownFileType = sourcecode.c.objc; path = MASViewAttribute.m; sourceTree = "<group>"; };
		6E3522541DC9DFC10000BEF0 /* MASViewConstraint.h */ = {isa = PBXFileReference; fileEncoding = 4; lastKnownFileType = sourcecode.c.h; path = MASViewConstraint.h; sourceTree = "<group>"; };
		6E3522551DC9DFC10000BEF0 /* MASViewConstraint.m */ = {isa = PBXFileReference; fileEncoding = 4; lastKnownFileType = sourcecode.c.objc; path = MASViewConstraint.m; sourceTree = "<group>"; };
		6E3522561DC9DFC10000BEF0 /* NSArray+MASAdditions.h */ = {isa = PBXFileReference; fileEncoding = 4; lastKnownFileType = sourcecode.c.h; path = "NSArray+MASAdditions.h"; sourceTree = "<group>"; };
		6E3522571DC9DFC10000BEF0 /* NSArray+MASAdditions.m */ = {isa = PBXFileReference; fileEncoding = 4; lastKnownFileType = sourcecode.c.objc; path = "NSArray+MASAdditions.m"; sourceTree = "<group>"; };
		6E3522581DC9DFC10000BEF0 /* NSArray+MASShorthandAdditions.h */ = {isa = PBXFileReference; fileEncoding = 4; lastKnownFileType = sourcecode.c.h; path = "NSArray+MASShorthandAdditions.h"; sourceTree = "<group>"; };
		6E3522591DC9DFC10000BEF0 /* NSLayoutConstraint+MASDebugAdditions.h */ = {isa = PBXFileReference; fileEncoding = 4; lastKnownFileType = sourcecode.c.h; path = "NSLayoutConstraint+MASDebugAdditions.h"; sourceTree = "<group>"; };
		6E35225A1DC9DFC10000BEF0 /* NSLayoutConstraint+MASDebugAdditions.m */ = {isa = PBXFileReference; fileEncoding = 4; lastKnownFileType = sourcecode.c.objc; path = "NSLayoutConstraint+MASDebugAdditions.m"; sourceTree = "<group>"; };
		6E35225B1DC9DFC10000BEF0 /* View+MASAdditions.h */ = {isa = PBXFileReference; fileEncoding = 4; lastKnownFileType = sourcecode.c.h; path = "View+MASAdditions.h"; sourceTree = "<group>"; };
		6E35225C1DC9DFC10000BEF0 /* View+MASAdditions.m */ = {isa = PBXFileReference; fileEncoding = 4; lastKnownFileType = sourcecode.c.objc; path = "View+MASAdditions.m"; sourceTree = "<group>"; };
		6E35225D1DC9DFC10000BEF0 /* View+MASShorthandAdditions.h */ = {isa = PBXFileReference; fileEncoding = 4; lastKnownFileType = sourcecode.c.h; path = "View+MASShorthandAdditions.h"; sourceTree = "<group>"; };
		6E35225E1DC9DFC10000BEF0 /* ViewController+MASAdditions.h */ = {isa = PBXFileReference; fileEncoding = 4; lastKnownFileType = sourcecode.c.h; path = "ViewController+MASAdditions.h"; sourceTree = "<group>"; };
		6E35225F1DC9DFC10000BEF0 /* ViewController+MASAdditions.m */ = {isa = PBXFileReference; fileEncoding = 4; lastKnownFileType = sourcecode.c.objc; path = "ViewController+MASAdditions.m"; sourceTree = "<group>"; };
		6E3522601DC9DFC10000BEF0 /* README.md */ = {isa = PBXFileReference; fileEncoding = 4; lastKnownFileType = net.daringfireball.markdown; path = README.md; sourceTree = "<group>"; };
		6E35226F1DCB0CF40000BEF0 /* XYSetTimeView.h */ = {isa = PBXFileReference; fileEncoding = 4; lastKnownFileType = sourcecode.c.h; path = XYSetTimeView.h; sourceTree = "<group>"; };
		6E3522701DCB0CF40000BEF0 /* XYSetTimeView.m */ = {isa = PBXFileReference; fileEncoding = 4; lastKnownFileType = sourcecode.c.objc; path = XYSetTimeView.m; sourceTree = "<group>"; };
		6E3522721DCB0D040000BEF0 /* XYSetTimeView.xib */ = {isa = PBXFileReference; fileEncoding = 4; lastKnownFileType = file.xib; path = XYSetTimeView.xib; sourceTree = "<group>"; };
		6E3522741DCB0DAC0000BEF0 /* XYSetLoctionView.h */ = {isa = PBXFileReference; fileEncoding = 4; lastKnownFileType = sourcecode.c.h; path = XYSetLoctionView.h; sourceTree = "<group>"; };
		6E3522751DCB0DAC0000BEF0 /* XYSetLoctionView.m */ = {isa = PBXFileReference; fileEncoding = 4; lastKnownFileType = sourcecode.c.objc; path = XYSetLoctionView.m; sourceTree = "<group>"; };
		6E3522771DCB0DB40000BEF0 /* XYSetLoctionView.xib */ = {isa = PBXFileReference; fileEncoding = 4; lastKnownFileType = file.xib; path = XYSetLoctionView.xib; sourceTree = "<group>"; };
		6E3D4F4F1DC721E50079D8FD /* SWRevealViewController.h */ = {isa = PBXFileReference; fileEncoding = 4; lastKnownFileType = sourcecode.c.h; path = SWRevealViewController.h; sourceTree = "<group>"; };
		6E3D4F501DC721E50079D8FD /* SWRevealViewController.m */ = {isa = PBXFileReference; fileEncoding = 4; lastKnownFileType = sourcecode.c.objc; path = SWRevealViewController.m; sourceTree = "<group>"; };
		6E3D4F531DC723090079D8FD /* XYRearViewController.h */ = {isa = PBXFileReference; fileEncoding = 4; lastKnownFileType = sourcecode.c.h; path = XYRearViewController.h; sourceTree = "<group>"; };
		6E3D4F541DC723090079D8FD /* XYRearViewController.m */ = {isa = PBXFileReference; fileEncoding = 4; lastKnownFileType = sourcecode.c.objc; path = XYRearViewController.m; sourceTree = "<group>"; };
		6E3D4F551DC723090079D8FD /* XYRearViewController.xib */ = {isa = PBXFileReference; fileEncoding = 4; lastKnownFileType = file.xib; path = XYRearViewController.xib; sourceTree = "<group>"; };
		6ED632821DD5707F00C8167D /* XYTimeSectionModel.h */ = {isa = PBXFileReference; fileEncoding = 4; lastKnownFileType = sourcecode.c.h; path = XYTimeSectionModel.h; sourceTree = "<group>"; };
		6ED632831DD5707F00C8167D /* XYTimeSectionModel.m */ = {isa = PBXFileReference; fileEncoding = 4; lastKnownFileType = sourcecode.c.objc; path = XYTimeSectionModel.m; sourceTree = "<group>"; };
		6ED632861DD95E9F00C8167D /* FyCalendarView.h */ = {isa = PBXFileReference; fileEncoding = 4; lastKnownFileType = sourcecode.c.h; path = FyCalendarView.h; sourceTree = "<group>"; };
		6ED632871DD95E9F00C8167D /* FyCalendarView.m */ = {isa = PBXFileReference; fileEncoding = 4; lastKnownFileType = sourcecode.c.objc; path = FyCalendarView.m; sourceTree = "<group>"; };
		6ED6328A1DDAA6CF00C8167D /* ALDClock.h */ = {isa = PBXFileReference; fileEncoding = 4; lastKnownFileType = sourcecode.c.h; path = ALDClock.h; sourceTree = "<group>"; };
		6ED6328B1DDAA6CF00C8167D /* ALDClock.m */ = {isa = PBXFileReference; fileEncoding = 4; lastKnownFileType = sourcecode.c.objc; path = ALDClock.m; sourceTree = "<group>"; };
		6ED6328D1DDC07A500C8167D /* XYAnimationView.h */ = {isa = PBXFileReference; fileEncoding = 4; lastKnownFileType = sourcecode.c.h; path = XYAnimationView.h; sourceTree = "<group>"; };
		6ED6328E1DDC07A500C8167D /* XYAnimationView.m */ = {isa = PBXFileReference; fileEncoding = 4; lastKnownFileType = sourcecode.c.objc; path = XYAnimationView.m; sourceTree = "<group>"; };
		6ED632901DDC0F9200C8167D /* XYAnimationViewModel.h */ = {isa = PBXFileReference; fileEncoding = 4; lastKnownFileType = sourcecode.c.h; path = XYAnimationViewModel.h; sourceTree = "<group>"; };
		6ED632911DDC0F9200C8167D /* XYAnimationViewModel.m */ = {isa = PBXFileReference; fileEncoding = 4; lastKnownFileType = sourcecode.c.objc; path = XYAnimationViewModel.m; sourceTree = "<group>"; };
		8256E0351DC6E1ED0006939C /* CloudKit.framework */ = {isa = PBXFileReference; lastKnownFileType = wrapper.framework; name = CloudKit.framework; path = System/Library/Frameworks/CloudKit.framework; sourceTree = SDKROOT; };
		8256E0381DC6E3AA0006939C /* iCloudManager.h */ = {isa = PBXFileReference; fileEncoding = 4; lastKnownFileType = sourcecode.c.h; path = iCloudManager.h; sourceTree = "<group>"; };
		8256E0391DC6E3AA0006939C /* iCloudManager.m */ = {isa = PBXFileReference; fileEncoding = 4; lastKnownFileType = sourcecode.c.objc; path = iCloudManager.m; sourceTree = "<group>"; };
		8256E03B1DC6EA860006939C /* EventKit.framework */ = {isa = PBXFileReference; lastKnownFileType = wrapper.framework; name = EventKit.framework; path = System/Library/Frameworks/EventKit.framework; sourceTree = SDKROOT; };
		8256E03E1DC6EA9A0006939C /* EventManager.h */ = {isa = PBXFileReference; fileEncoding = 4; lastKnownFileType = sourcecode.c.h; path = EventManager.h; sourceTree = "<group>"; };
		8256E03F1DC6EA9A0006939C /* EventManager.m */ = {isa = PBXFileReference; fileEncoding = 4; lastKnownFileType = sourcecode.c.objc; path = EventManager.m; sourceTree = "<group>"; };
		8256E0411DC6EBD60006939C /* Contacts.framework */ = {isa = PBXFileReference; lastKnownFileType = wrapper.framework; name = Contacts.framework; path = System/Library/Frameworks/Contacts.framework; sourceTree = SDKROOT; };
		82A42F5E1DC1AD9000A29058 /*  AppIntentVocabulary.plist */ = {isa = PBXFileReference; fileEncoding = 4; lastKnownFileType = text.plist.xml; path = " AppIntentVocabulary.plist"; sourceTree = "<group>"; };
		82A42F631DC1DEC500A29058 /* Forget_Siri.entitlements */ = {isa = PBXFileReference; lastKnownFileType = text.plist.entitlements; path = Forget_Siri.entitlements; sourceTree = "<group>"; };
		82A42F691DC1DF2800A29058 /* DBManager.framework */ = {isa = PBXFileReference; explicitFileType = wrapper.framework; includeInIndex = 0; path = DBManager.framework; sourceTree = BUILT_PRODUCTS_DIR; };
		82A42F6B1DC1DF2800A29058 /* DBManager.h */ = {isa = PBXFileReference; lastKnownFileType = sourcecode.c.h; path = DBManager.h; sourceTree = "<group>"; };
		82A42F6C1DC1DF2800A29058 /* Info.plist */ = {isa = PBXFileReference; lastKnownFileType = text.plist.xml; path = Info.plist; sourceTree = "<group>"; };
		82A42F791DC1DF8000A29058 /* DBManagerContext.h */ = {isa = PBXFileReference; fileEncoding = 4; lastKnownFileType = sourcecode.c.h; path = DBManagerContext.h; sourceTree = "<group>"; };
		82A42F7A1DC1DF8000A29058 /* DBManagerContext.m */ = {isa = PBXFileReference; fileEncoding = 4; lastKnownFileType = sourcecode.c.objc; path = DBManagerContext.m; sourceTree = "<group>"; };
		82A42F7E1DC1E65400A29058 /* CoreData.framework */ = {isa = PBXFileReference; lastKnownFileType = wrapper.framework; name = CoreData.framework; path = System/Library/Frameworks/CoreData.framework; sourceTree = SDKROOT; };
		82A42F871DC1F6BC00A29058 /* IntentForget.h */ = {isa = PBXFileReference; fileEncoding = 4; lastKnownFileType = sourcecode.c.h; path = IntentForget.h; sourceTree = "<group>"; };
		82A42F881DC1F6BC00A29058 /* IntentForget.m */ = {isa = PBXFileReference; fileEncoding = 4; lastKnownFileType = sourcecode.c.objc; path = IntentForget.m; sourceTree = "<group>"; };
		82A42F8B1DC1FE8600A29058 /* Intents.framework */ = {isa = PBXFileReference; lastKnownFileType = wrapper.framework; name = Intents.framework; path = System/Library/Frameworks/Intents.framework; sourceTree = SDKROOT; };
		82BEA01E1DC07EA0001F39F0 /* Forget_Siri.appex */ = {isa = PBXFileReference; explicitFileType = "wrapper.app-extension"; includeInIndex = 0; path = Forget_Siri.appex; sourceTree = BUILT_PRODUCTS_DIR; };
		82BEA0201DC07EA0001F39F0 /* IntentHandler.h */ = {isa = PBXFileReference; lastKnownFileType = sourcecode.c.h; path = IntentHandler.h; sourceTree = "<group>"; };
		82BEA0211DC07EA0001F39F0 /* IntentHandler.m */ = {isa = PBXFileReference; lastKnownFileType = sourcecode.c.objc; path = IntentHandler.m; sourceTree = "<group>"; };
		82BEA0231DC07EA1001F39F0 /* Info.plist */ = {isa = PBXFileReference; lastKnownFileType = text.plist.xml; path = Info.plist; sourceTree = "<group>"; };
		82BEA0281DC07EA1001F39F0 /* Forget_SiriUI.appex */ = {isa = PBXFileReference; explicitFileType = "wrapper.app-extension"; includeInIndex = 0; path = Forget_SiriUI.appex; sourceTree = BUILT_PRODUCTS_DIR; };
		82BEA0291DC07EA1001F39F0 /* IntentsUI.framework */ = {isa = PBXFileReference; lastKnownFileType = wrapper.framework; name = IntentsUI.framework; path = System/Library/Frameworks/IntentsUI.framework; sourceTree = SDKROOT; };
		82BEA02C1DC07EA1001F39F0 /* IntentViewController.h */ = {isa = PBXFileReference; lastKnownFileType = sourcecode.c.h; path = IntentViewController.h; sourceTree = "<group>"; };
		82BEA02D1DC07EA1001F39F0 /* IntentViewController.m */ = {isa = PBXFileReference; lastKnownFileType = sourcecode.c.objc; path = IntentViewController.m; sourceTree = "<group>"; };
		82BEA0301DC07EA1001F39F0 /* Base */ = {isa = PBXFileReference; lastKnownFileType = file.storyboard; name = Base; path = Base.lproj/MainInterface.storyboard; sourceTree = "<group>"; };
		82BEA0321DC07EA1001F39F0 /* Info.plist */ = {isa = PBXFileReference; lastKnownFileType = text.plist.xml; path = Info.plist; sourceTree = "<group>"; };
		82BEA0421DC07F6E001F39F0 /* ForgetGroupDB.xcdatamodel */ = {isa = PBXFileReference; lastKnownFileType = wrapper.xcdatamodel; path = ForgetGroupDB.xcdatamodel; sourceTree = "<group>"; };
		82CAFCFA1DC083D0004730DF /* IntentEvent+CoreDataClass.h */ = {isa = PBXFileReference; fileEncoding = 4; lastKnownFileType = sourcecode.c.h; name = "IntentEvent+CoreDataClass.h"; path = "../IntentEvent+CoreDataClass.h"; sourceTree = "<group>"; };
		82CAFCFB1DC083D0004730DF /* IntentEvent+CoreDataClass.m */ = {isa = PBXFileReference; fileEncoding = 4; lastKnownFileType = sourcecode.c.objc; name = "IntentEvent+CoreDataClass.m"; path = "../IntentEvent+CoreDataClass.m"; sourceTree = "<group>"; };
		82CAFCFC1DC083D0004730DF /* IntentEvent+CoreDataProperties.h */ = {isa = PBXFileReference; fileEncoding = 4; lastKnownFileType = sourcecode.c.h; name = "IntentEvent+CoreDataProperties.h"; path = "../IntentEvent+CoreDataProperties.h"; sourceTree = "<group>"; };
		82CAFCFD1DC083D0004730DF /* IntentEvent+CoreDataProperties.m */ = {isa = PBXFileReference; fileEncoding = 4; lastKnownFileType = sourcecode.c.objc; name = "IntentEvent+CoreDataProperties.m"; path = "../IntentEvent+CoreDataProperties.m"; sourceTree = "<group>"; };
		82CAFD041DC0872C004730DF /* Forget_iOS.entitlements */ = {isa = PBXFileReference; lastKnownFileType = text.plist.entitlements; path = Forget_iOS.entitlements; sourceTree = "<group>"; };
		82CAFD051DC0AC6A004730DF /* 222.png */ = {isa = PBXFileReference; lastKnownFileType = image.png; path = 222.png; sourceTree = "<group>"; };
/* End PBXFileReference section */

/* Begin PBXFrameworksBuildPhase section */
		6E30633C1DC05171000DBB7D /* Frameworks */ = {
			isa = PBXFrameworksBuildPhase;
			buildActionMask = 2147483647;
			files = (
				8256E03C1DC6EA860006939C /* EventKit.framework in Frameworks */,
				8256E0361DC6E1ED0006939C /* CloudKit.framework in Frameworks */,
				82A42F8C1DC1FE8600A29058 /* Intents.framework in Frameworks */,
				6E3063961DC05B77000DBB7D /* libc++.tbd in Frameworks */,
				6E3063941DC05B6F000DBB7D /* libstdc++.6.0.9.tbd in Frameworks */,
				6E3063921DC05B66000DBB7D /* libz.tbd in Frameworks */,
				6E3063901DC05B5B000DBB7D /* Security.framework in Frameworks */,
				6E30638E1DC05B51000DBB7D /* QuartzCore.framework in Frameworks */,
				6E30638C1DC05B4A000DBB7D /* SystemConfiguration.framework in Frameworks */,
				6E30638A1DC05B44000DBB7D /* CoreTelephony.framework in Frameworks */,
				6E3063881DC05B3D000DBB7D /* CoreLocation.framework in Frameworks */,
				6E3063861DC05B34000DBB7D /* UIKit.framework in Frameworks */,
				6E3063841DC05B2C000DBB7D /* CoreGraphics.framework in Frameworks */,
				6E3063821DC05B23000DBB7D /* MapKit.framework in Frameworks */,
				6E30637E1DC05B03000DBB7D /* MAMapKit.framework in Frameworks */,
				82A42F701DC1DF2800A29058 /* DBManager.framework in Frameworks */,
				6E30637D1DC05B03000DBB7D /* AMapSearchKit.framework in Frameworks */,
				6E30637C1DC05B03000DBB7D /* AMapFoundationKit.framework in Frameworks */,
			);
			runOnlyForDeploymentPostprocessing = 0;
		};
		82A42F651DC1DF2800A29058 /* Frameworks */ = {
			isa = PBXFrameworksBuildPhase;
			buildActionMask = 2147483647;
			files = (
				82A42F7F1DC1E65400A29058 /* CoreData.framework in Frameworks */,
			);
			runOnlyForDeploymentPostprocessing = 0;
		};
		82BEA01B1DC07EA0001F39F0 /* Frameworks */ = {
			isa = PBXFrameworksBuildPhase;
			buildActionMask = 2147483647;
			files = (
				82A42F7D1DC1DFC000A29058 /* DBManager.framework in Frameworks */,
			);
			runOnlyForDeploymentPostprocessing = 0;
		};
		82BEA0251DC07EA1001F39F0 /* Frameworks */ = {
			isa = PBXFrameworksBuildPhase;
			buildActionMask = 2147483647;
			files = (
				82BEA02A1DC07EA1001F39F0 /* IntentsUI.framework in Frameworks */,
			);
			runOnlyForDeploymentPostprocessing = 0;
		};
/* End PBXFrameworksBuildPhase section */

/* Begin PBXGroup section */
		6E1CD0C91DD1A11C00E1FD9D /* 添加新提醒 */ = {
			isa = PBXGroup;
			children = (
				6E3063A81DC0761C000DBB7D /* XYWillNotifyViewController.h */,
				6E3063A91DC0761C000DBB7D /* XYWillNotifyViewController.m */,
			);
			name = "添加新提醒";
			sourceTree = "<group>";
		};
		6E1CD0CA1DD1A13600E1FD9D /* 设置时间地点 */ = {
			isa = PBXGroup;
			children = (
				6E3063AE1DC07F58000DBB7D /* XYAddEventViewController.h */,
				6E3063AF1DC07F58000DBB7D /* XYAddEventViewController.m */,
				6E1CD0CC1DD1C52100E1FD9D /* 设置时间 */,
				6E1CD0CD1DD1C53400E1FD9D /* 设置地点 */,
			);
			name = "设置时间地点";
			sourceTree = "<group>";
		};
		6E1CD0CB1DD1A18200E1FD9D /* 搜索其他地址 */ = {
			isa = PBXGroup;
			children = (
				6E3063AB1DC07650000DBB7D /* XYAddAddressViewController.h */,
				6E3063AC1DC07650000DBB7D /* XYAddAddressViewController.m */,
			);
			name = "搜索其他地址";
			sourceTree = "<group>";
		};
		6E1CD0CC1DD1C52100E1FD9D /* 设置时间 */ = {
			isa = PBXGroup;
			children = (
				6E35226F1DCB0CF40000BEF0 /* XYSetTimeView.h */,
				6E3522701DCB0CF40000BEF0 /* XYSetTimeView.m */,
				6E3522721DCB0D040000BEF0 /* XYSetTimeView.xib */,
				6ED632821DD5707F00C8167D /* XYTimeSectionModel.h */,
				6ED632831DD5707F00C8167D /* XYTimeSectionModel.m */,
				6E1CD0D11DD1C5D100E1FD9D /* XYTimeParentCell.h */,
				6E1CD0D21DD1C5D100E1FD9D /* XYTimeParentCell.m */,
				6E1CD0DD1DD1D44600E1FD9D /* XYTimeCellModel.h */,
				6E1CD0DE1DD1D44600E1FD9D /* XYTimeCellModel.m */,
				6E1CD0D41DD1C6D800E1FD9D /* XYYearMonthDayCell.h */,
				6E1CD0D51DD1C6D800E1FD9D /* XYYearMonthDayCell.m */,
				6E1CD0D71DD1C71100E1FD9D /* XYIsRepeatCell.h */,
				6E1CD0D81DD1C71100E1FD9D /* XYIsRepeatCell.m */,
				6E1CD0DA1DD1C75800E1FD9D /* XYHourMinuteCell.h */,
				6E1CD0DB1DD1C75800E1FD9D /* XYHourMinuteCell.m */,
			);
			name = "设置时间";
			sourceTree = "<group>";
		};
		6E1CD0CD1DD1C53400E1FD9D /* 设置地点 */ = {
			isa = PBXGroup;
			children = (
				6E3522741DCB0DAC0000BEF0 /* XYSetLoctionView.h */,
				6E3522751DCB0DAC0000BEF0 /* XYSetLoctionView.m */,
				6ED6328D1DDC07A500C8167D /* XYAnimationView.h */,
				6ED6328E1DDC07A500C8167D /* XYAnimationView.m */,
				6ED632901DDC0F9200C8167D /* XYAnimationViewModel.h */,
				6ED632911DDC0F9200C8167D /* XYAnimationViewModel.m */,
				6E3522771DCB0DB40000BEF0 /* XYSetLoctionView.xib */,
			);
			name = "设置地点";
			sourceTree = "<group>";
		};
		6E3063361DC05171000DBB7D = {
			isa = PBXGroup;
			children = (
				8256E03D1DC6EA8A0006939C /* EventManager */,
				8256E0371DC6E3870006939C /* iCloud */,
				82A42F5E1DC1AD9000A29058 /*  AppIntentVocabulary.plist */,
				6E3063411DC05171000DBB7D /* Forget_iOS */,
				6E30635B1DC05171000DBB7D /* Forget_iOSTests */,
				6E3063661DC05171000DBB7D /* Forget_iOSUITests */,
				82BEA01F1DC07EA0001F39F0 /* Forget_Siri */,
				82BEA02B1DC07EA1001F39F0 /* Forget_SiriUI */,
				82A42F6A1DC1DF2800A29058 /* DBManager */,
				6E3063401DC05171000DBB7D /* Products */,
				6E3063801DC05B23000DBB7D /* Frameworks */,
			);
			sourceTree = "<group>";
		};
		6E3063401DC05171000DBB7D /* Products */ = {
			isa = PBXGroup;
			children = (
				6E30633F1DC05171000DBB7D /* Forget_iOS.app */,
				82BEA01E1DC07EA0001F39F0 /* Forget_Siri.appex */,
				82BEA0281DC07EA1001F39F0 /* Forget_SiriUI.appex */,
				82A42F691DC1DF2800A29058 /* DBManager.framework */,
			);
			name = Products;
			sourceTree = "<group>";
		};
		6E3063411DC05171000DBB7D /* Forget_iOS */ = {
			isa = PBXGroup;
			children = (
				6E3063751DC05AD9000DBB7D /* ThirdLib */,
				6E3063C11DC0B381000DBB7D /* Model */,
				6E3063BA1DC08F91000DBB7D /* PublicViews */,
				82CAFD041DC0872C004730DF /* Forget_iOS.entitlements */,
				6E3063971DC05F0D000DBB7D /* ParentClass */,
				6E3063981DC05F0D000DBB7D /* Tool */,
				6E3063991DC05F0D000DBB7D /* ViewControllers */,
				6E3063451DC05171000DBB7D /* AppDelegate.h */,
				6E3063461DC05171000DBB7D /* AppDelegate.m */,
				6E30634E1DC05171000DBB7D /* Assets.xcassets */,
				6E3063501DC05171000DBB7D /* LaunchScreen.storyboard */,
				6E3063531DC05171000DBB7D /* Info.plist */,
				6E3063421DC05171000DBB7D /* Supporting Files */,
			);
			path = Forget_iOS;
			sourceTree = "<group>";
		};
		6E3063421DC05171000DBB7D /* Supporting Files */ = {
			isa = PBXGroup;
			children = (
				6E3063431DC05171000DBB7D /* main.m */,
				6E30639D1DC05F87000DBB7D /* ACMacros.h */,
				6E30639E1DC05FC0000DBB7D /* XYPrefixHeader.pch */,
			);
			name = "Supporting Files";
			sourceTree = "<group>";
		};
		6E30635B1DC05171000DBB7D /* Forget_iOSTests */ = {
			isa = PBXGroup;
			children = (
				6E30635C1DC05171000DBB7D /* Forget_iOSTests.m */,
				6E30635E1DC05171000DBB7D /* Info.plist */,
			);
			path = Forget_iOSTests;
			sourceTree = "<group>";
		};
		6E3063661DC05171000DBB7D /* Forget_iOSUITests */ = {
			isa = PBXGroup;
			children = (
				6E3063671DC05171000DBB7D /* Forget_iOSUITests.m */,
				6E3063691DC05171000DBB7D /* Info.plist */,
			);
			path = Forget_iOSUITests;
			sourceTree = "<group>";
		};
		6E3063751DC05AD9000DBB7D /* ThirdLib */ = {
			isa = PBXGroup;
			children = (
				6ED632891DDAA6CF00C8167D /* Clock */,
				6ED632851DD95E9F00C8167D /* CalendarView */,
				6E3522441DC9DFC10000BEF0 /* Masonry */,
				6E3D4F4E1DC721E50079D8FD /* SWRevealViewController */,
				6E3063761DC05AD9000DBB7D /* AMap */,
			);
			path = ThirdLib;
			sourceTree = "<group>";
		};
		6E3063761DC05AD9000DBB7D /* AMap */ = {
			isa = PBXGroup;
			children = (
				6E3066CD1DC1F516000DBB7D /* AMap.bundle */,
				6E3066CA1DC1F4CC000DBB7D /* img */,
				6E3063771DC05B03000DBB7D /* AMapFoundationKit.framework */,
				6E3063781DC05B03000DBB7D /* AMapSearchKit.framework */,
				6E3063791DC05B03000DBB7D /* MAMapKit.framework */,
			);
			path = AMap;
			sourceTree = "<group>";
		};
		6E3063801DC05B23000DBB7D /* Frameworks */ = {
			isa = PBXGroup;
			children = (
				8256E0411DC6EBD60006939C /* Contacts.framework */,
				8256E03B1DC6EA860006939C /* EventKit.framework */,
				8256E0351DC6E1ED0006939C /* CloudKit.framework */,
				82A42F8B1DC1FE8600A29058 /* Intents.framework */,
				82A42F7E1DC1E65400A29058 /* CoreData.framework */,
				6E3063951DC05B77000DBB7D /* libc++.tbd */,
				6E3063931DC05B6F000DBB7D /* libstdc++.6.0.9.tbd */,
				6E3063911DC05B66000DBB7D /* libz.tbd */,
				6E30638F1DC05B5B000DBB7D /* Security.framework */,
				6E30638D1DC05B51000DBB7D /* QuartzCore.framework */,
				6E30638B1DC05B4A000DBB7D /* SystemConfiguration.framework */,
				6E3063891DC05B44000DBB7D /* CoreTelephony.framework */,
				6E3063871DC05B3D000DBB7D /* CoreLocation.framework */,
				6E3063851DC05B34000DBB7D /* UIKit.framework */,
				6E3063831DC05B2C000DBB7D /* CoreGraphics.framework */,
				6E3063811DC05B23000DBB7D /* MapKit.framework */,
				82BEA0291DC07EA1001F39F0 /* IntentsUI.framework */,
			);
			name = Frameworks;
			sourceTree = "<group>";
		};
		6E3063971DC05F0D000DBB7D /* ParentClass */ = {
			isa = PBXGroup;
			children = (
				6E3063B11DC0863D000DBB7D /* HWTextView.h */,
				6E3063B21DC0863D000DBB7D /* HWTextView.m */,
				6E30639F1DC060C4000DBB7D /* XYParentViewController.h */,
				6E3063A01DC060C4000DBB7D /* XYParentViewController.m */,
				6E3063A21DC060DD000DBB7D /* XYParentView.h */,
				6E3063A31DC060DD000DBB7D /* XYParentView.m */,
				6E3063A51DC06141000DBB7D /* XYParentModel.h */,
				6E3063A61DC06141000DBB7D /* XYParentModel.m */,
				6E1CD0CE1DD1C58200E1FD9D /* XYParentTableViewCell.h */,
				6E1CD0CF1DD1C58200E1FD9D /* XYParentTableViewCell.m */,
			);
			path = ParentClass;
			sourceTree = "<group>";
		};
		6E3063981DC05F0D000DBB7D /* Tool */ = {
			isa = PBXGroup;
			children = (
				6E3066CF1DC200AF000DBB7D /* XYHgithtOfKeyboard.h */,
				6E3066D01DC200AF000DBB7D /* XYHgithtOfKeyboard.m */,
				6E3522411DC9DEB90000BEF0 /* XYTool.h */,
				6E3522421DC9DEB90000BEF0 /* XYTool.m */,
				6E3063BE1DC0A250000DBB7D /* XYUserInfo.h */,
				6E3063BF1DC0A250000DBB7D /* XYUserInfo.m */,
			);
			path = Tool;
			sourceTree = "<group>";
		};
		6E3063991DC05F0D000DBB7D /* ViewControllers */ = {
			isa = PBXGroup;
			children = (
				6E1CD0CB1DD1A18200E1FD9D /* 搜索其他地址 */,
				6E35226E1DCB04740000BEF0 /* 主界面(提醒列表) */,
				6E35226D1DCB03B40000BEF0 /* 新建提醒 */,
				6E3D4F521DC722A30079D8FD /* 侧滑底视图 */,
			);
			path = ViewControllers;
			sourceTree = "<group>";
		};
		6E3063BA1DC08F91000DBB7D /* PublicViews */ = {
			isa = PBXGroup;
			children = (
				6E3063BB1DC08FE3000DBB7D /* XYNotifyPropertyChangeView.h */,
				6E3063BC1DC08FE3000DBB7D /* XYNotifyPropertyChangeView.m */,
			);
			path = PublicViews;
			sourceTree = "<group>";
		};
		6E3063C11DC0B381000DBB7D /* Model */ = {
			isa = PBXGroup;
			children = (
				6E3063C21DC0B390000DBB7D /* AMapTipAnnotation.h */,
				6E3063C31DC0B390000DBB7D /* AMapTipAnnotation.m */,
			);
			path = Model;
			sourceTree = "<group>";
		};
		6E3066CA1DC1F4CC000DBB7D /* img */ = {
			isa = PBXGroup;
			children = (
				6E3066CB1DC1F4E2000DBB7D /* locate@2x.png */,
			);
			name = img;
			sourceTree = "<group>";
		};
		6E3522441DC9DFC10000BEF0 /* Masonry */ = {
			isa = PBXGroup;
			children = (
				6E3522451DC9DFC10000BEF0 /* LICENSE */,
				6E3522461DC9DFC10000BEF0 /* Masonry */,
				6E3522601DC9DFC10000BEF0 /* README.md */,
			);
			path = Masonry;
			sourceTree = "<group>";
		};
		6E3522461DC9DFC10000BEF0 /* Masonry */ = {
			isa = PBXGroup;
			children = (
				6E3522471DC9DFC10000BEF0 /* MASCompositeConstraint.h */,
				6E3522481DC9DFC10000BEF0 /* MASCompositeConstraint.m */,
				6E3522491DC9DFC10000BEF0 /* MASConstraint+Private.h */,
				6E35224A1DC9DFC10000BEF0 /* MASConstraint.h */,
				6E35224B1DC9DFC10000BEF0 /* MASConstraint.m */,
				6E35224C1DC9DFC10000BEF0 /* MASConstraintMaker.h */,
				6E35224D1DC9DFC10000BEF0 /* MASConstraintMaker.m */,
				6E35224E1DC9DFC10000BEF0 /* MASLayoutConstraint.h */,
				6E35224F1DC9DFC10000BEF0 /* MASLayoutConstraint.m */,
				6E3522501DC9DFC10000BEF0 /* Masonry.h */,
				6E3522511DC9DFC10000BEF0 /* MASUtilities.h */,
				6E3522521DC9DFC10000BEF0 /* MASViewAttribute.h */,
				6E3522531DC9DFC10000BEF0 /* MASViewAttribute.m */,
				6E3522541DC9DFC10000BEF0 /* MASViewConstraint.h */,
				6E3522551DC9DFC10000BEF0 /* MASViewConstraint.m */,
				6E3522561DC9DFC10000BEF0 /* NSArray+MASAdditions.h */,
				6E3522571DC9DFC10000BEF0 /* NSArray+MASAdditions.m */,
				6E3522581DC9DFC10000BEF0 /* NSArray+MASShorthandAdditions.h */,
				6E3522591DC9DFC10000BEF0 /* NSLayoutConstraint+MASDebugAdditions.h */,
				6E35225A1DC9DFC10000BEF0 /* NSLayoutConstraint+MASDebugAdditions.m */,
				6E35225B1DC9DFC10000BEF0 /* View+MASAdditions.h */,
				6E35225C1DC9DFC10000BEF0 /* View+MASAdditions.m */,
				6E35225D1DC9DFC10000BEF0 /* View+MASShorthandAdditions.h */,
				6E35225E1DC9DFC10000BEF0 /* ViewController+MASAdditions.h */,
				6E35225F1DC9DFC10000BEF0 /* ViewController+MASAdditions.m */,
			);
			path = Masonry;
			sourceTree = "<group>";
		};
		6E35226D1DCB03B40000BEF0 /* 新建提醒 */ = {
			isa = PBXGroup;
			children = (
				6E30634B1DC05171000DBB7D /* AddEvent.storyboard */,
				6E1CD0C91DD1A11C00E1FD9D /* 添加新提醒 */,
				6E1CD0CA1DD1A13600E1FD9D /* 设置时间地点 */,
			);
			name = "新建提醒";
			sourceTree = "<group>";
		};
		6E35226E1DCB04740000BEF0 /* 主界面(提醒列表) */ = {
			isa = PBXGroup;
			children = (
				6E1CD0C71DD19B1800E1FD9D /* NotifyList.storyboard */,
				6E30639A1DC05F5C000DBB7D /* XYMainViewController.h */,
				6E30639B1DC05F5C000DBB7D /* XYMainViewController.m */,
			);
			name = "主界面(提醒列表)";
			sourceTree = "<group>";
		};
		6E3D4F4E1DC721E50079D8FD /* SWRevealViewController */ = {
			isa = PBXGroup;
			children = (
				6E3D4F4F1DC721E50079D8FD /* SWRevealViewController.h */,
				6E3D4F501DC721E50079D8FD /* SWRevealViewController.m */,
			);
			path = SWRevealViewController;
			sourceTree = "<group>";
		};
		6E3D4F521DC722A30079D8FD /* 侧滑底视图 */ = {
			isa = PBXGroup;
			children = (
				6E3D4F531DC723090079D8FD /* XYRearViewController.h */,
				6E3D4F541DC723090079D8FD /* XYRearViewController.m */,
				6E3D4F551DC723090079D8FD /* XYRearViewController.xib */,
			);
			name = "侧滑底视图";
			sourceTree = "<group>";
		};
		6ED632851DD95E9F00C8167D /* CalendarView */ = {
			isa = PBXGroup;
			children = (
				6ED632861DD95E9F00C8167D /* FyCalendarView.h */,
				6ED632871DD95E9F00C8167D /* FyCalendarView.m */,
			);
			path = CalendarView;
			sourceTree = "<group>";
		};
		6ED632891DDAA6CF00C8167D /* Clock */ = {
			isa = PBXGroup;
			children = (
				6ED6328A1DDAA6CF00C8167D /* ALDClock.h */,
				6ED6328B1DDAA6CF00C8167D /* ALDClock.m */,
			);
			path = Clock;
			sourceTree = "<group>";
		};
		8256E0371DC6E3870006939C /* iCloud */ = {
			isa = PBXGroup;
			children = (
				8256E0381DC6E3AA0006939C /* iCloudManager.h */,
				8256E0391DC6E3AA0006939C /* iCloudManager.m */,
			);
			name = iCloud;
			sourceTree = "<group>";
		};
		8256E03D1DC6EA8A0006939C /* EventManager */ = {
			isa = PBXGroup;
			children = (
				8256E03E1DC6EA9A0006939C /* EventManager.h */,
				8256E03F1DC6EA9A0006939C /* EventManager.m */,
			);
			name = EventManager;
			sourceTree = "<group>";
		};
		82A42F6A1DC1DF2800A29058 /* DBManager */ = {
			isa = PBXGroup;
			children = (
				82CAFCFA1DC083D0004730DF /* IntentEvent+CoreDataClass.h */,
				82CAFCFB1DC083D0004730DF /* IntentEvent+CoreDataClass.m */,
				82CAFCFC1DC083D0004730DF /* IntentEvent+CoreDataProperties.h */,
				82CAFCFD1DC083D0004730DF /* IntentEvent+CoreDataProperties.m */,
				82BEA0411DC07F6E001F39F0 /* ForgetGroupDB.xcdatamodeld */,
				82A42F6B1DC1DF2800A29058 /* DBManager.h */,
				82A42F6C1DC1DF2800A29058 /* Info.plist */,
				82A42F791DC1DF8000A29058 /* DBManagerContext.h */,
				82A42F7A1DC1DF8000A29058 /* DBManagerContext.m */,
			);
			path = DBManager;
			sourceTree = "<group>";
		};
		82BEA01F1DC07EA0001F39F0 /* Forget_Siri */ = {
			isa = PBXGroup;
			children = (
				82A42F631DC1DEC500A29058 /* Forget_Siri.entitlements */,
				82BEA0201DC07EA0001F39F0 /* IntentHandler.h */,
				82BEA0211DC07EA0001F39F0 /* IntentHandler.m */,
				82A42F871DC1F6BC00A29058 /* IntentForget.h */,
				82A42F881DC1F6BC00A29058 /* IntentForget.m */,
				82BEA0231DC07EA1001F39F0 /* Info.plist */,
			);
			path = Forget_Siri;
			sourceTree = "<group>";
		};
		82BEA02B1DC07EA1001F39F0 /* Forget_SiriUI */ = {
			isa = PBXGroup;
			children = (
				82CAFD051DC0AC6A004730DF /* 222.png */,
				82BEA02C1DC07EA1001F39F0 /* IntentViewController.h */,
				82BEA02D1DC07EA1001F39F0 /* IntentViewController.m */,
				82BEA02F1DC07EA1001F39F0 /* MainInterface.storyboard */,
				82BEA0321DC07EA1001F39F0 /* Info.plist */,
			);
			path = Forget_SiriUI;
			sourceTree = "<group>";
		};
/* End PBXGroup section */

/* Begin PBXHeadersBuildPhase section */
		82A42F661DC1DF2800A29058 /* Headers */ = {
			isa = PBXHeadersBuildPhase;
			buildActionMask = 2147483647;
			files = (
				82A42F6D1DC1DF2800A29058 /* DBManager.h in Headers */,
				82A42F831DC1EA1000A29058 /* IntentEvent+CoreDataClass.h in Headers */,
				82A42F841DC1EA1000A29058 /* IntentEvent+CoreDataProperties.h in Headers */,
				82A42F851DC1EA1000A29058 /* DBManagerContext.h in Headers */,
			);
			runOnlyForDeploymentPostprocessing = 0;
		};
/* End PBXHeadersBuildPhase section */

/* Begin PBXNativeTarget section */
		6E30633E1DC05171000DBB7D /* Forget_iOS */ = {
			isa = PBXNativeTarget;
			buildConfigurationList = 6E30636C1DC05171000DBB7D /* Build configuration list for PBXNativeTarget "Forget_iOS" */;
			buildPhases = (
				6E30633B1DC05171000DBB7D /* Sources */,
				6E30633C1DC05171000DBB7D /* Frameworks */,
				6E30633D1DC05171000DBB7D /* Resources */,
				82BEA03F1DC07EA1001F39F0 /* Embed App Extensions */,
				82A42F751DC1DF2800A29058 /* Embed Frameworks */,
			);
			buildRules = (
			);
			dependencies = (
				82BEA0341DC07EA1001F39F0 /* PBXTargetDependency */,
				82BEA0371DC07EA1001F39F0 /* PBXTargetDependency */,
				82A42F6F1DC1DF2800A29058 /* PBXTargetDependency */,
			);
			name = Forget_iOS;
			productName = Forget_iOS;
			productReference = 6E30633F1DC05171000DBB7D /* Forget_iOS.app */;
			productType = "com.apple.product-type.application";
		};
		82A42F681DC1DF2800A29058 /* DBManager */ = {
			isa = PBXNativeTarget;
			buildConfigurationList = 82A42F721DC1DF2800A29058 /* Build configuration list for PBXNativeTarget "DBManager" */;
			buildPhases = (
				82A42F641DC1DF2800A29058 /* Sources */,
				82A42F651DC1DF2800A29058 /* Frameworks */,
				82A42F661DC1DF2800A29058 /* Headers */,
				82A42F671DC1DF2800A29058 /* Resources */,
			);
			buildRules = (
			);
			dependencies = (
			);
			name = DBManager;
			productName = DBManager;
			productReference = 82A42F691DC1DF2800A29058 /* DBManager.framework */;
			productType = "com.apple.product-type.framework";
		};
		82BEA01D1DC07EA0001F39F0 /* Forget_Siri */ = {
			isa = PBXNativeTarget;
			buildConfigurationList = 82BEA03E1DC07EA1001F39F0 /* Build configuration list for PBXNativeTarget "Forget_Siri" */;
			buildPhases = (
				82BEA01A1DC07EA0001F39F0 /* Sources */,
				82BEA01B1DC07EA0001F39F0 /* Frameworks */,
				82BEA01C1DC07EA0001F39F0 /* Resources */,
			);
			buildRules = (
			);
			dependencies = (
			);
			name = Forget_Siri;
			productName = Forget_Siri;
			productReference = 82BEA01E1DC07EA0001F39F0 /* Forget_Siri.appex */;
			productType = "com.apple.product-type.app-extension";
		};
		82BEA0271DC07EA1001F39F0 /* Forget_SiriUI */ = {
			isa = PBXNativeTarget;
			buildConfigurationList = 82BEA03D1DC07EA1001F39F0 /* Build configuration list for PBXNativeTarget "Forget_SiriUI" */;
			buildPhases = (
				82BEA0241DC07EA1001F39F0 /* Sources */,
				82BEA0251DC07EA1001F39F0 /* Frameworks */,
				82BEA0261DC07EA1001F39F0 /* Resources */,
			);
			buildRules = (
			);
			dependencies = (
			);
			name = Forget_SiriUI;
			productName = Forget_SiriUI;
			productReference = 82BEA0281DC07EA1001F39F0 /* Forget_SiriUI.appex */;
			productType = "com.apple.product-type.app-extension";
		};
/* End PBXNativeTarget section */

/* Begin PBXProject section */
		6E3063371DC05171000DBB7D /* Project object */ = {
			isa = PBXProject;
			attributes = {
				CLASSPREFIX = XY;
				LastUpgradeCheck = 0800;
				ORGANIZATIONNAME = "叶同学";
				TargetAttributes = {
					6E30633E1DC05171000DBB7D = {
						CreatedOnToolsVersion = 8.0;
						DevelopmentTeam = D2PU2HGB5Q;
						LastSwiftMigration = 0800;
						ProvisioningStyle = Automatic;
						SystemCapabilities = {
							com.apple.ApplicationGroups.iOS = {
								enabled = 0;
							};
							com.apple.Push = {
								enabled = 1;
							};
							com.apple.Siri = {
								enabled = 1;
							};
							com.apple.iCloud = {
								enabled = 1;
							};
						};
					};
					82A42F681DC1DF2800A29058 = {
						CreatedOnToolsVersion = 8.0;
						DevelopmentTeam = D2PU2HGB5Q;
						ProvisioningStyle = Automatic;
					};
					82BEA01D1DC07EA0001F39F0 = {
						CreatedOnToolsVersion = 8.0;
						DevelopmentTeam = D2PU2HGB5Q;
						LastSwiftMigration = 0800;
						ProvisioningStyle = Automatic;
						SystemCapabilities = {
							com.apple.ApplicationGroups.iOS = {
								enabled = 1;
							};
						};
					};
					82BEA0271DC07EA1001F39F0 = {
						CreatedOnToolsVersion = 8.0;
						DevelopmentTeam = D2PU2HGB5Q;
						LastSwiftMigration = 0800;
						ProvisioningStyle = Automatic;
					};
				};
			};
			buildConfigurationList = 6E30633A1DC05171000DBB7D /* Build configuration list for PBXProject "Forget_iOS" */;
			compatibilityVersion = "Xcode 3.2";
			developmentRegion = English;
			hasScannedForEncodings = 0;
			knownRegions = (
				en,
				Base,
			);
			mainGroup = 6E3063361DC05171000DBB7D;
			productRefGroup = 6E3063401DC05171000DBB7D /* Products */;
			projectDirPath = "";
			projectRoot = "";
			targets = (
				6E30633E1DC05171000DBB7D /* Forget_iOS */,
				82BEA01D1DC07EA0001F39F0 /* Forget_Siri */,
				82BEA0271DC07EA1001F39F0 /* Forget_SiriUI */,
				82A42F681DC1DF2800A29058 /* DBManager */,
			);
		};
/* End PBXProject section */

/* Begin PBXResourcesBuildPhase section */
		6E30633D1DC05171000DBB7D /* Resources */ = {
			isa = PBXResourcesBuildPhase;
			buildActionMask = 2147483647;
			files = (
				6E3066CE1DC1F516000DBB7D /* AMap.bundle in Resources */,
				82A42F8A1DC1F8DA00A29058 /*  AppIntentVocabulary.plist in Resources */,
				6E3522611DC9DFC10000BEF0 /* LICENSE in Resources */,
				6E3D4F571DC723090079D8FD /* XYRearViewController.xib in Resources */,
				6E3522731DCB0D040000BEF0 /* XYSetTimeView.xib in Resources */,
				6E3063521DC05171000DBB7D /* LaunchScreen.storyboard in Resources */,
				6E30634F1DC05171000DBB7D /* Assets.xcassets in Resources */,
				6E3066CC1DC1F4E2000DBB7D /* locate@2x.png in Resources */,
				6E1CD0C81DD19B1800E1FD9D /* NotifyList.storyboard in Resources */,
				6E30634D1DC05171000DBB7D /* AddEvent.storyboard in Resources */,
				6E3522781DCB0DB40000BEF0 /* XYSetLoctionView.xib in Resources */,
			);
			runOnlyForDeploymentPostprocessing = 0;
		};
		82A42F671DC1DF2800A29058 /* Resources */ = {
			isa = PBXResourcesBuildPhase;
			buildActionMask = 2147483647;
			files = (
			);
			runOnlyForDeploymentPostprocessing = 0;
		};
		82BEA01C1DC07EA0001F39F0 /* Resources */ = {
			isa = PBXResourcesBuildPhase;
			buildActionMask = 2147483647;
			files = (
			);
			runOnlyForDeploymentPostprocessing = 0;
		};
		82BEA0261DC07EA1001F39F0 /* Resources */ = {
			isa = PBXResourcesBuildPhase;
			buildActionMask = 2147483647;
			files = (
				82CAFD061DC0AC6A004730DF /* 222.png in Resources */,
				82BEA0311DC07EA1001F39F0 /* MainInterface.storyboard in Resources */,
			);
			runOnlyForDeploymentPostprocessing = 0;
		};
/* End PBXResourcesBuildPhase section */

/* Begin PBXSourcesBuildPhase section */
		6E30633B1DC05171000DBB7D /* Sources */ = {
			isa = PBXSourcesBuildPhase;
			buildActionMask = 2147483647;
			files = (
				6E1CD0DC1DD1C75800E1FD9D /* XYHourMinuteCell.m in Sources */,
				6E3522681DC9DFC10000BEF0 /* NSArray+MASAdditions.m in Sources */,
				6ED6328C1DDAA6CF00C8167D /* ALDClock.m in Sources */,
				6E3063AA1DC0761C000DBB7D /* XYWillNotifyViewController.m in Sources */,
				6E3063C41DC0B390000DBB7D /* AMapTipAnnotation.m in Sources */,
				6E3522691DC9DFC10000BEF0 /* NSLayoutConstraint+MASDebugAdditions.m in Sources */,
				6E3063A41DC060DD000DBB7D /* XYParentView.m in Sources */,
				6E3063471DC05171000DBB7D /* AppDelegate.m in Sources */,
				6E30639C1DC05F5C000DBB7D /* XYMainViewController.m in Sources */,
				6E3522641DC9DFC10000BEF0 /* MASConstraintMaker.m in Sources */,
				6E35226A1DC9DFC10000BEF0 /* View+MASAdditions.m in Sources */,
				6E3063A11DC060C4000DBB7D /* XYParentViewController.m in Sources */,
				6E3522631DC9DFC10000BEF0 /* MASConstraint.m in Sources */,
				6ED632841DD5707F00C8167D /* XYTimeSectionModel.m in Sources */,
				6E3522671DC9DFC10000BEF0 /* MASViewConstraint.m in Sources */,
				6E1CD0D01DD1C58200E1FD9D /* XYParentTableViewCell.m in Sources */,
				6E3063AD1DC07650000DBB7D /* XYAddAddressViewController.m in Sources */,
				8256E0401DC6EA9A0006939C /* EventManager.m in Sources */,
				6E3063441DC05171000DBB7D /* main.m in Sources */,
				6E3522431DC9DEB90000BEF0 /* XYTool.m in Sources */,
				6ED6328F1DDC07A500C8167D /* XYAnimationView.m in Sources */,
				6E3063B01DC07F58000DBB7D /* XYAddEventViewController.m in Sources */,
				6E3D4F561DC723090079D8FD /* XYRearViewController.m in Sources */,
				6E35226B1DC9DFC10000BEF0 /* ViewController+MASAdditions.m in Sources */,
				6E3522761DCB0DAC0000BEF0 /* XYSetLoctionView.m in Sources */,
				6E3D4F511DC721E50079D8FD /* SWRevealViewController.m in Sources */,
				6E1CD0DF1DD1D44600E1FD9D /* XYTimeCellModel.m in Sources */,
				6E35226C1DC9DFC10000BEF0 /* README.md in Sources */,
				6E3522651DC9DFC10000BEF0 /* MASLayoutConstraint.m in Sources */,
				8256E03A1DC6E3AA0006939C /* iCloudManager.m in Sources */,
				6ED632921DDC0F9200C8167D /* XYAnimationViewModel.m in Sources */,
				6E3522711DCB0CF40000BEF0 /* XYSetTimeView.m in Sources */,
				6E3522621DC9DFC10000BEF0 /* MASCompositeConstraint.m in Sources */,
				6E1CD0D61DD1C6D800E1FD9D /* XYYearMonthDayCell.m in Sources */,
				6E3063A71DC06141000DBB7D /* XYParentModel.m in Sources */,
				6E1CD0D91DD1C71100E1FD9D /* XYIsRepeatCell.m in Sources */,
				6E3063C01DC0A250000DBB7D /* XYUserInfo.m in Sources */,
				6E3063B31DC0863D000DBB7D /* HWTextView.m in Sources */,
				6E3066D11DC200AF000DBB7D /* XYHgithtOfKeyboard.m in Sources */,
				6E3063BD1DC08FE3000DBB7D /* XYNotifyPropertyChangeView.m in Sources */,
				6E3522661DC9DFC10000BEF0 /* MASViewAttribute.m in Sources */,
				6E1CD0D31DD1C5D100E1FD9D /* XYTimeParentCell.m in Sources */,
				6ED632881DD95E9F00C8167D /* FyCalendarView.m in Sources */,
			);
			runOnlyForDeploymentPostprocessing = 0;
		};
		82A42F641DC1DF2800A29058 /* Sources */ = {
			isa = PBXSourcesBuildPhase;
			buildActionMask = 2147483647;
			files = (
				82A42F771DC1DF4600A29058 /* IntentEvent+CoreDataProperties.m in Sources */,
				82A42F781DC1DF4E00A29058 /* IntentEvent+CoreDataClass.m in Sources */,
				82A42F761DC1DF4200A29058 /* ForgetGroupDB.xcdatamodeld in Sources */,
				82A42F7C1DC1DF8000A29058 /* DBManagerContext.m in Sources */,
			);
			runOnlyForDeploymentPostprocessing = 0;
		};
		82BEA01A1DC07EA0001F39F0 /* Sources */ = {
			isa = PBXSourcesBuildPhase;
			buildActionMask = 2147483647;
			files = (
				82A42F861DC1EE4600A29058 /* ForgetGroupDB.xcdatamodeld in Sources */,
				82A42F891DC1F6BC00A29058 /* IntentForget.m in Sources */,
				82BEA0221DC07EA0001F39F0 /* IntentHandler.m in Sources */,
			);
			runOnlyForDeploymentPostprocessing = 0;
		};
		82BEA0241DC07EA1001F39F0 /* Sources */ = {
			isa = PBXSourcesBuildPhase;
			buildActionMask = 2147483647;
			files = (
				82BEA02E1DC07EA1001F39F0 /* IntentViewController.m in Sources */,
			);
			runOnlyForDeploymentPostprocessing = 0;
		};
/* End PBXSourcesBuildPhase section */

/* Begin PBXTargetDependency section */
		82A42F6F1DC1DF2800A29058 /* PBXTargetDependency */ = {
			isa = PBXTargetDependency;
			target = 82A42F681DC1DF2800A29058 /* DBManager */;
			targetProxy = 82A42F6E1DC1DF2800A29058 /* PBXContainerItemProxy */;
		};
		82BEA0341DC07EA1001F39F0 /* PBXTargetDependency */ = {
			isa = PBXTargetDependency;
			target = 82BEA0271DC07EA1001F39F0 /* Forget_SiriUI */;
			targetProxy = 82BEA0331DC07EA1001F39F0 /* PBXContainerItemProxy */;
		};
		82BEA0371DC07EA1001F39F0 /* PBXTargetDependency */ = {
			isa = PBXTargetDependency;
			target = 82BEA01D1DC07EA0001F39F0 /* Forget_Siri */;
			targetProxy = 82BEA0361DC07EA1001F39F0 /* PBXContainerItemProxy */;
		};
/* End PBXTargetDependency section */

/* Begin PBXVariantGroup section */
		6E30634B1DC05171000DBB7D /* AddEvent.storyboard */ = {
			isa = PBXVariantGroup;
			children = (
				6E30634C1DC05171000DBB7D /* Base */,
			);
			name = AddEvent.storyboard;
			path = ..;
			sourceTree = "<group>";
		};
		6E3063501DC05171000DBB7D /* LaunchScreen.storyboard */ = {
			isa = PBXVariantGroup;
			children = (
				6E3063511DC05171000DBB7D /* Base */,
			);
			name = LaunchScreen.storyboard;
			sourceTree = "<group>";
		};
		82BEA02F1DC07EA1001F39F0 /* MainInterface.storyboard */ = {
			isa = PBXVariantGroup;
			children = (
				82BEA0301DC07EA1001F39F0 /* Base */,
			);
			name = MainInterface.storyboard;
			sourceTree = "<group>";
		};
/* End PBXVariantGroup section */

/* Begin XCBuildConfiguration section */
		6E30636A1DC05171000DBB7D /* Debug */ = {
			isa = XCBuildConfiguration;
			buildSettings = {
				ALWAYS_SEARCH_USER_PATHS = NO;
				CLANG_ANALYZER_NONNULL = YES;
				CLANG_CXX_LANGUAGE_STANDARD = "gnu++0x";
				CLANG_CXX_LIBRARY = "libc++";
				CLANG_ENABLE_MODULES = YES;
				CLANG_ENABLE_OBJC_ARC = YES;
				CLANG_WARN_BOOL_CONVERSION = YES;
				CLANG_WARN_CONSTANT_CONVERSION = YES;
				CLANG_WARN_DIRECT_OBJC_ISA_USAGE = YES_ERROR;
				CLANG_WARN_DOCUMENTATION_COMMENTS = YES;
				CLANG_WARN_EMPTY_BODY = YES;
				CLANG_WARN_ENUM_CONVERSION = YES;
				CLANG_WARN_INFINITE_RECURSION = YES;
				CLANG_WARN_INT_CONVERSION = YES;
				CLANG_WARN_OBJC_ROOT_CLASS = YES_ERROR;
				CLANG_WARN_SUSPICIOUS_MOVES = YES;
				CLANG_WARN_UNREACHABLE_CODE = YES;
				CLANG_WARN__DUPLICATE_METHOD_MATCH = YES;
				"CODE_SIGN_IDENTITY[sdk=iphoneos*]" = "iPhone Developer";
				COPY_PHASE_STRIP = NO;
				DEBUG_INFORMATION_FORMAT = dwarf;
				ENABLE_STRICT_OBJC_MSGSEND = YES;
				ENABLE_TESTABILITY = YES;
				GCC_C_LANGUAGE_STANDARD = gnu99;
				GCC_DYNAMIC_NO_PIC = NO;
				GCC_NO_COMMON_BLOCKS = YES;
				GCC_OPTIMIZATION_LEVEL = 0;
				GCC_PREPROCESSOR_DEFINITIONS = (
					"DEBUG=1",
					"$(inherited)",
				);
				GCC_WARN_64_TO_32_BIT_CONVERSION = YES;
				GCC_WARN_ABOUT_RETURN_TYPE = YES_ERROR;
				GCC_WARN_UNDECLARED_SELECTOR = YES;
				GCC_WARN_UNINITIALIZED_AUTOS = YES_AGGRESSIVE;
				GCC_WARN_UNUSED_FUNCTION = YES;
				GCC_WARN_UNUSED_VARIABLE = YES;
				IPHONEOS_DEPLOYMENT_TARGET = 10.0;
				MTL_ENABLE_DEBUG_INFO = YES;
				ONLY_ACTIVE_ARCH = YES;
				SDKROOT = iphoneos;
				TARGETED_DEVICE_FAMILY = "1,2";
			};
			name = Debug;
		};
		6E30636B1DC05171000DBB7D /* Release */ = {
			isa = XCBuildConfiguration;
			buildSettings = {
				ALWAYS_SEARCH_USER_PATHS = NO;
				CLANG_ANALYZER_NONNULL = YES;
				CLANG_CXX_LANGUAGE_STANDARD = "gnu++0x";
				CLANG_CXX_LIBRARY = "libc++";
				CLANG_ENABLE_MODULES = YES;
				CLANG_ENABLE_OBJC_ARC = YES;
				CLANG_WARN_BOOL_CONVERSION = YES;
				CLANG_WARN_CONSTANT_CONVERSION = YES;
				CLANG_WARN_DIRECT_OBJC_ISA_USAGE = YES_ERROR;
				CLANG_WARN_DOCUMENTATION_COMMENTS = YES;
				CLANG_WARN_EMPTY_BODY = YES;
				CLANG_WARN_ENUM_CONVERSION = YES;
				CLANG_WARN_INFINITE_RECURSION = YES;
				CLANG_WARN_INT_CONVERSION = YES;
				CLANG_WARN_OBJC_ROOT_CLASS = YES_ERROR;
				CLANG_WARN_SUSPICIOUS_MOVES = YES;
				CLANG_WARN_UNREACHABLE_CODE = YES;
				CLANG_WARN__DUPLICATE_METHOD_MATCH = YES;
				"CODE_SIGN_IDENTITY[sdk=iphoneos*]" = "iPhone Developer";
				COPY_PHASE_STRIP = NO;
				DEBUG_INFORMATION_FORMAT = "dwarf-with-dsym";
				ENABLE_NS_ASSERTIONS = NO;
				ENABLE_STRICT_OBJC_MSGSEND = YES;
				GCC_C_LANGUAGE_STANDARD = gnu99;
				GCC_NO_COMMON_BLOCKS = YES;
				GCC_WARN_64_TO_32_BIT_CONVERSION = YES;
				GCC_WARN_ABOUT_RETURN_TYPE = YES_ERROR;
				GCC_WARN_UNDECLARED_SELECTOR = YES;
				GCC_WARN_UNINITIALIZED_AUTOS = YES_AGGRESSIVE;
				GCC_WARN_UNUSED_FUNCTION = YES;
				GCC_WARN_UNUSED_VARIABLE = YES;
				IPHONEOS_DEPLOYMENT_TARGET = 10.0;
				MTL_ENABLE_DEBUG_INFO = NO;
				SDKROOT = iphoneos;
				TARGETED_DEVICE_FAMILY = "1,2";
				VALIDATE_PRODUCT = YES;
			};
			name = Release;
		};
		6E30636D1DC05171000DBB7D /* Debug */ = {
			isa = XCBuildConfiguration;
			buildSettings = {
				ASSETCATALOG_COMPILER_APPICON_NAME = AppIcon;
				CLANG_ENABLE_MODULES = YES;
				CODE_SIGN_ENTITLEMENTS = Forget_iOS/Forget_iOS.entitlements;
				CODE_SIGN_IDENTITY = "iPhone Developer: zeng xu (55V3SCMT39)";
				"CODE_SIGN_IDENTITY[sdk=iphoneos*]" = "iPhone Developer";
				DEVELOPMENT_TEAM = D2PU2HGB5Q;
				FRAMEWORK_SEARCH_PATHS = (
					"$(inherited)",
					"$(PROJECT_DIR)/Forget_iOS/ThirdLib/AMap",
				);
				GCC_PREFIX_HEADER = Forget_iOS/XYPrefixHeader.pch;
				INFOPLIST_FILE = Forget_iOS/Info.plist;
				IPHONEOS_DEPLOYMENT_TARGET = 10.0;
				LD_RUNPATH_SEARCH_PATHS = "$(inherited) @executable_path/Frameworks";
				PRODUCT_BUNDLE_IDENTIFIER = com.predev.test;
				PRODUCT_NAME = "$(TARGET_NAME)";
				SWIFT_OBJC_BRIDGING_HEADER = "Forget_iOS-Bridging-Header.h";
				SWIFT_OPTIMIZATION_LEVEL = "-Onone";
				SWIFT_VERSION = 3.0;
			};
			name = Debug;
		};
		6E30636E1DC05171000DBB7D /* Release */ = {
			isa = XCBuildConfiguration;
			buildSettings = {
				ASSETCATALOG_COMPILER_APPICON_NAME = AppIcon;
				CLANG_ENABLE_MODULES = YES;
				CODE_SIGN_ENTITLEMENTS = Forget_iOS/Forget_iOS.entitlements;
				CODE_SIGN_IDENTITY = "iPhone Developer: zeng xu (55V3SCMT39)";
				"CODE_SIGN_IDENTITY[sdk=iphoneos*]" = "iPhone Developer";
				DEVELOPMENT_TEAM = D2PU2HGB5Q;
				FRAMEWORK_SEARCH_PATHS = (
					"$(inherited)",
					"$(PROJECT_DIR)/Forget_iOS/ThirdLib/AMap",
				);
				GCC_PREFIX_HEADER = Forget_iOS/XYPrefixHeader.pch;
				INFOPLIST_FILE = Forget_iOS/Info.plist;
				IPHONEOS_DEPLOYMENT_TARGET = 10.0;
				LD_RUNPATH_SEARCH_PATHS = "$(inherited) @executable_path/Frameworks";
				PRODUCT_BUNDLE_IDENTIFIER = com.predev.test;
				PRODUCT_NAME = "$(TARGET_NAME)";
				SWIFT_OBJC_BRIDGING_HEADER = "Forget_iOS-Bridging-Header.h";
				SWIFT_VERSION = 3.0;
			};
			name = Release;
		};
		82A42F731DC1DF2800A29058 /* Debug */ = {
			isa = XCBuildConfiguration;
			buildSettings = {
				CODE_SIGN_IDENTITY = "iPhone Developer: zeng xu (55V3SCMT39)";
				"CODE_SIGN_IDENTITY[sdk=iphoneos*]" = "iPhone Developer";
				CURRENT_PROJECT_VERSION = 1;
				DEFINES_MODULE = YES;
				DEVELOPMENT_TEAM = D2PU2HGB5Q;
				DYLIB_COMPATIBILITY_VERSION = 1;
				DYLIB_CURRENT_VERSION = 1;
				DYLIB_INSTALL_NAME_BASE = "@rpath";
				INFOPLIST_FILE = DBManager/Info.plist;
				INSTALL_PATH = "$(LOCAL_LIBRARY_DIR)/Frameworks";
				LD_RUNPATH_SEARCH_PATHS = "$(inherited) @executable_path/Frameworks @loader_path/Frameworks";
				PRODUCT_BUNDLE_IDENTIFIER = com.bluesea.work.DBManager;
				PRODUCT_NAME = "$(TARGET_NAME)";
				SKIP_INSTALL = YES;
				VERSIONING_SYSTEM = "apple-generic";
				VERSION_INFO_PREFIX = "";
			};
			name = Debug;
		};
		82A42F741DC1DF2800A29058 /* Release */ = {
			isa = XCBuildConfiguration;
			buildSettings = {
				CODE_SIGN_IDENTITY = "iPhone Developer: zeng xu (55V3SCMT39)";
				"CODE_SIGN_IDENTITY[sdk=iphoneos*]" = "iPhone Developer";
				CURRENT_PROJECT_VERSION = 1;
				DEFINES_MODULE = YES;
				DEVELOPMENT_TEAM = D2PU2HGB5Q;
				DYLIB_COMPATIBILITY_VERSION = 1;
				DYLIB_CURRENT_VERSION = 1;
				DYLIB_INSTALL_NAME_BASE = "@rpath";
				INFOPLIST_FILE = DBManager/Info.plist;
				INSTALL_PATH = "$(LOCAL_LIBRARY_DIR)/Frameworks";
				LD_RUNPATH_SEARCH_PATHS = "$(inherited) @executable_path/Frameworks @loader_path/Frameworks";
				PRODUCT_BUNDLE_IDENTIFIER = com.bluesea.work.DBManager;
				PRODUCT_NAME = "$(TARGET_NAME)";
				SKIP_INSTALL = YES;
				VERSIONING_SYSTEM = "apple-generic";
				VERSION_INFO_PREFIX = "";
			};
			name = Release;
		};
		82BEA0391DC07EA1001F39F0 /* Debug */ = {
			isa = XCBuildConfiguration;
			buildSettings = {
				CLANG_ENABLE_MODULES = YES;
				CODE_SIGN_ENTITLEMENTS = Forget_Siri/Forget_Siri.entitlements;
				CODE_SIGN_IDENTITY = "iPhone Developer: zeng xu (55V3SCMT39)";
				"CODE_SIGN_IDENTITY[sdk=iphoneos*]" = "iPhone Developer";
				DEVELOPMENT_TEAM = D2PU2HGB5Q;
				INFOPLIST_FILE = Forget_Siri/Info.plist;
				LD_RUNPATH_SEARCH_PATHS = "$(inherited) @executable_path/Frameworks @executable_path/../../Frameworks";
				PRODUCT_BUNDLE_IDENTIFIER = "com.predev.test.Forget-Siri";
				PRODUCT_NAME = "$(TARGET_NAME)";
				SKIP_INSTALL = YES;
				SWIFT_OBJC_BRIDGING_HEADER = "Forget_Siri-Bridging-Header.h";
				SWIFT_OPTIMIZATION_LEVEL = "-Onone";
				SWIFT_VERSION = 3.0;
			};
			name = Debug;
		};
		82BEA03A1DC07EA1001F39F0 /* Release */ = {
			isa = XCBuildConfiguration;
			buildSettings = {
				CLANG_ENABLE_MODULES = YES;
				CODE_SIGN_ENTITLEMENTS = Forget_Siri/Forget_Siri.entitlements;
				CODE_SIGN_IDENTITY = "iPhone Developer: zeng xu (55V3SCMT39)";
				"CODE_SIGN_IDENTITY[sdk=iphoneos*]" = "iPhone Developer";
				DEVELOPMENT_TEAM = D2PU2HGB5Q;
				INFOPLIST_FILE = Forget_Siri/Info.plist;
				LD_RUNPATH_SEARCH_PATHS = "$(inherited) @executable_path/Frameworks @executable_path/../../Frameworks";
				PRODUCT_BUNDLE_IDENTIFIER = "com.predev.test.Forget-Siri";
				PRODUCT_NAME = "$(TARGET_NAME)";
				SKIP_INSTALL = YES;
				SWIFT_OBJC_BRIDGING_HEADER = "Forget_Siri-Bridging-Header.h";
				SWIFT_VERSION = 3.0;
			};
			name = Release;
		};
		82BEA03B1DC07EA1001F39F0 /* Debug */ = {
			isa = XCBuildConfiguration;
			buildSettings = {
				CLANG_ENABLE_MODULES = YES;
				CODE_SIGN_IDENTITY = "iPhone Developer: zeng xu (55V3SCMT39)";
				"CODE_SIGN_IDENTITY[sdk=iphoneos*]" = "iPhone Developer";
				DEVELOPMENT_TEAM = D2PU2HGB5Q;
				INFOPLIST_FILE = Forget_SiriUI/Info.plist;
				LD_RUNPATH_SEARCH_PATHS = "$(inherited) @executable_path/Frameworks @executable_path/../../Frameworks";
				PRODUCT_BUNDLE_IDENTIFIER = "com.predev.test.Forget-SiriUI";
				PRODUCT_NAME = "$(TARGET_NAME)";
				SKIP_INSTALL = YES;
				SWIFT_OBJC_BRIDGING_HEADER = "Forget_SiriUI-Bridging-Header.h";
				SWIFT_OPTIMIZATION_LEVEL = "-Onone";
				SWIFT_VERSION = 3.0;
			};
			name = Debug;
		};
		82BEA03C1DC07EA1001F39F0 /* Release */ = {
			isa = XCBuildConfiguration;
			buildSettings = {
				CLANG_ENABLE_MODULES = YES;
				CODE_SIGN_IDENTITY = "iPhone Developer: zeng xu (55V3SCMT39)";
				"CODE_SIGN_IDENTITY[sdk=iphoneos*]" = "iPhone Developer";
				DEVELOPMENT_TEAM = D2PU2HGB5Q;
				INFOPLIST_FILE = Forget_SiriUI/Info.plist;
				LD_RUNPATH_SEARCH_PATHS = "$(inherited) @executable_path/Frameworks @executable_path/../../Frameworks";
				PRODUCT_BUNDLE_IDENTIFIER = "com.predev.test.Forget-SiriUI";
				PRODUCT_NAME = "$(TARGET_NAME)";
				SKIP_INSTALL = YES;
				SWIFT_OBJC_BRIDGING_HEADER = "Forget_SiriUI-Bridging-Header.h";
				SWIFT_VERSION = 3.0;
			};
			name = Release;
		};
/* End XCBuildConfiguration section */

/* Begin XCConfigurationList section */
		6E30633A1DC05171000DBB7D /* Build configuration list for PBXProject "Forget_iOS" */ = {
			isa = XCConfigurationList;
			buildConfigurations = (
				6E30636A1DC05171000DBB7D /* Debug */,
				6E30636B1DC05171000DBB7D /* Release */,
			);
			defaultConfigurationIsVisible = 0;
			defaultConfigurationName = Release;
		};
		6E30636C1DC05171000DBB7D /* Build configuration list for PBXNativeTarget "Forget_iOS" */ = {
			isa = XCConfigurationList;
			buildConfigurations = (
				6E30636D1DC05171000DBB7D /* Debug */,
				6E30636E1DC05171000DBB7D /* Release */,
			);
			defaultConfigurationIsVisible = 0;
			defaultConfigurationName = Release;
		};
		82A42F721DC1DF2800A29058 /* Build configuration list for PBXNativeTarget "DBManager" */ = {
			isa = XCConfigurationList;
			buildConfigurations = (
				82A42F731DC1DF2800A29058 /* Debug */,
				82A42F741DC1DF2800A29058 /* Release */,
			);
			defaultConfigurationIsVisible = 0;
			defaultConfigurationName = Release;
		};
		82BEA03D1DC07EA1001F39F0 /* Build configuration list for PBXNativeTarget "Forget_SiriUI" */ = {
			isa = XCConfigurationList;
			buildConfigurations = (
				82BEA03B1DC07EA1001F39F0 /* Debug */,
				82BEA03C1DC07EA1001F39F0 /* Release */,
			);
			defaultConfigurationIsVisible = 0;
			defaultConfigurationName = Release;
		};
		82BEA03E1DC07EA1001F39F0 /* Build configuration list for PBXNativeTarget "Forget_Siri" */ = {
			isa = XCConfigurationList;
			buildConfigurations = (
				82BEA0391DC07EA1001F39F0 /* Debug */,
				82BEA03A1DC07EA1001F39F0 /* Release */,
			);
			defaultConfigurationIsVisible = 0;
			defaultConfigurationName = Release;
		};
/* End XCConfigurationList section */

/* Begin XCVersionGroup section */
		82BEA0411DC07F6E001F39F0 /* ForgetGroupDB.xcdatamodeld */ = {
			isa = XCVersionGroup;
			children = (
				82BEA0421DC07F6E001F39F0 /* ForgetGroupDB.xcdatamodel */,
			);
			currentVersion = 82BEA0421DC07F6E001F39F0 /* ForgetGroupDB.xcdatamodel */;
			name = ForgetGroupDB.xcdatamodeld;
			path = ../ForgetGroupDB.xcdatamodeld;
			sourceTree = "<group>";
			versionGroupType = wrapper.xcdatamodel;
		};
/* End XCVersionGroup section */
	};
	rootObject = 6E3063371DC05171000DBB7D /* Project object */;
}
